// !$*UTF8*$!
{
	archiveVersion = 1;
	classes = {
	};
	objectVersion = 70;
	objects = {

/* Begin PBXBuildFile section */
		0F78E7CD06BB4CCBA9AA1A36 /* WindowTitleConfigurator.swift in Sources */ = {isa = PBXBuildFile; fileRef = A04AA25E97254C758E8138F0 /* WindowTitleConfigurator.swift */; };
		1218A8494ECAE07469982AFA /* TestAudioFileFactory.swift in Sources */ = {isa = PBXBuildFile; fileRef = 14506C8D8408E65D66372269 /* TestAudioFileFactory.swift */; };
		33E7262DBE394E3DA53FDE54 /* AccordionResizeHandle.swift in Sources */ = {isa = PBXBuildFile; fileRef = 56A60EE069664A32A9209AF1 /* AccordionResizeHandle.swift */; };
		52E6F25BE86C6D82F69255D4 /* UITestAudioFileFactory.swift in Sources */ = {isa = PBXBuildFile; fileRef = 991D568ED3E77EA1C83F341A /* UITestAudioFileFactory.swift */; };
		74EABBA338E34AE2882468C6 /* TimelineAccordionView.swift in Sources */ = {isa = PBXBuildFile; fileRef = 648C405AE05C49199696C8C5 /* TimelineAccordionView.swift */; };
		864AAC5C94DAF8054F840B27 /* WaveformCacheTests.swift in Sources */ = {isa = PBXBuildFile; fileRef = FD5C2B42215FEBC92028DAE5 /* WaveformCacheTests.swift */; };
		98D24F6557F4656E904E4EBD /* ProjectorUITests.swift in Sources */ = {isa = PBXBuildFile; fileRef = 2B265A5FDB2959F2C1FF24BC /* ProjectorUITests.swift */; };
		A1000001227D3F0000000060 /* MIDIKitIO in Frameworks */ = {isa = PBXBuildFile; productRef = A1000001227D3F000000005F /* MIDIKitIO */; };
		A1000001227D3F0000000062 /* MIDIKitSync in Frameworks */ = {isa = PBXBuildFile; productRef = A1000001227D3F0000000061 /* MIDIKitSync */; };
		A1000001227D3F0000000064 /* SwiftTimecodeCore in Frameworks */ = {isa = PBXBuildFile; productRef = A1000001227D3F0000000063 /* SwiftTimecodeCore */; };
		A1000001227D3F0000000066 /* SwiftTimecodeAV in Frameworks */ = {isa = PBXBuildFile; productRef = A1000001227D3F0000000065 /* SwiftTimecodeAV */; };
		A1000001227D3F0000000068 /* SwiftTimecodeUI in Frameworks */ = {isa = PBXBuildFile; productRef = A1000001227D3F0000000067 /* SwiftTimecodeUI */; };
		A1000001227D3F0000000070 /* MIDIManager.swift in Sources */ = {isa = PBXBuildFile; fileRef = A1000001227D3F000000006F /* MIDIManager.swift */; };
		A1000001227D3F0000000072 /* AudioOutputManager.swift in Sources */ = {isa = PBXBuildFile; fileRef = A1000001227D3F0000000071 /* AudioOutputManager.swift */; };
		A1000001227D3F0000000074 /* SettingsView.swift in Sources */ = {isa = PBXBuildFile; fileRef = A1000001227D3F0000000073 /* SettingsView.swift */; };
		A1000001227D3F0000000076 /* AppSettings.swift in Sources */ = {isa = PBXBuildFile; fileRef = A1000001227D3F0000000075 /* AppSettings.swift */; };
		A1000001227D3F00000000B1 /* ProjectorApp.swift in Sources */ = {isa = PBXBuildFile; fileRef = A1000001227D3F0000000011 /* ProjectorApp.swift */; };
		A1000001227D3F00000000B2 /* ContentView.swift in Sources */ = {isa = PBXBuildFile; fileRef = A1000001227D3F0000000012 /* ContentView.swift */; };
		A1000001227D3F00000000B3 /* VideoPlayerView.swift in Sources */ = {isa = PBXBuildFile; fileRef = A1000001227D3F0000000013 /* VideoPlayerView.swift */; };
		A1000001227D3F00000000B4 /* TransportBarView.swift in Sources */ = {isa = PBXBuildFile; fileRef = A1000001227D3F0000000014 /* TransportBarView.swift */; };
		A1000001227D3F00000000B8 /* Assets.xcassets in Resources */ = {isa = PBXBuildFile; fileRef = A1000001227D3F0000000018 /* Assets.xcassets */; };
		A1000001227D3F00000000B9 /* Credits.rtfd in Resources */ = {isa = PBXBuildFile; fileRef = A1000001227D3F00000000E1 /* Credits.rtfd */; };
		A1000001227D3F00000000C2 /* WaveformData.swift in Sources */ = {isa = PBXBuildFile; fileRef = A1000001227D3F0000000082 /* WaveformData.swift */; };
		A1000001227D3F00000000C3 /* WaveformGenerator.swift in Sources */ = {isa = PBXBuildFile; fileRef = A1000001227D3F0000000083 /* WaveformGenerator.swift */; };
		A1000001227D3F00000000C5 /* TimelineRulerView.swift in Sources */ = {isa = PBXBuildFile; fileRef = A1000001227D3F0000000085 /* TimelineRulerView.swift */; };
		A1000001227D3F00000000C7 /* WaveformShape.swift in Sources */ = {isa = PBXBuildFile; fileRef = A1000001227D3F0000000087 /* WaveformShape.swift */; };
		A1000001227D3F00000000C9 /* TimecodeOCRManager.swift in Sources */ = {isa = PBXBuildFile; fileRef = A1000001227D3F0000000090 /* TimecodeOCRManager.swift */; };
		A1000001227D3F00000000D0 /* ProjectDocument.swift in Sources */ = {isa = PBXBuildFile; fileRef = A1000001227D3F00000000D1 /* ProjectDocument.swift */; };
		A1000001227D3F00000000E2 /* DocumentIcon.icns in Resources */ = {isa = PBXBuildFile; fileRef = A1000001227D3F00000000E3 /* DocumentIcon.icns */; };
		B149C5462F0722DA001F9C85 /* Quartz.framework in Frameworks */ = {isa = PBXBuildFile; fileRef = B149C5452F0722DA001F9C85 /* Quartz.framework */; };
		B149C5522F0722DB001F9C85 /* ProjectorQuickLook.appex in Embed Foundation Extensions */ = {isa = PBXBuildFile; fileRef = B149C5432F0722DA001F9C85 /* ProjectorQuickLook.appex */; settings = {ATTRIBUTES = (RemoveHeadersOnCopy, ); }; };
		B149C5582F07238C001F9C85 /* DocumentIcon.icns in Resources */ = {isa = PBXBuildFile; fileRef = A1000001227D3F00000000E3 /* DocumentIcon.icns */; };
		B19B58B82F0889F200FA33EC /* MIDISyncViewModel.swift in Sources */ = {isa = PBXBuildFile; fileRef = B19B58B62F0889F200FA33EC /* MIDISyncViewModel.swift */; };
		B19B58B92F0889F200FA33EC /* MIDISyncServiceProtocol.swift in Sources */ = {isa = PBXBuildFile; fileRef = B19B58B12F0889F200FA33EC /* MIDISyncServiceProtocol.swift */; };
		B19B58BA2F0889F200FA33EC /* LayoutConstants.swift in Sources */ = {isa = PBXBuildFile; fileRef = B19B58B42F0889F200FA33EC /* LayoutConstants.swift */; };
		B19B58BB2F0889F200FA33EC /* TransportServiceProtocol.swift in Sources */ = {isa = PBXBuildFile; fileRef = B19B58B22F0889F200FA33EC /* TransportServiceProtocol.swift */; };
		B19B58BD2F088AEA00FA33EC /* MIDISyncActor.swift in Sources */ = {isa = PBXBuildFile; fileRef = B19B58BC2F088AEA00FA33EC /* MIDISyncActor.swift */; };
		B19B58BF2F088BFF00FA33EC /* TimelineViewModel.swift in Sources */ = {isa = PBXBuildFile; fileRef = B19B58BE2F088BFF00FA33EC /* TimelineViewModel.swift */; };
		B19B58C12F088CFF00FA33EC /* VitalControlsBar.swift in Sources */ = {isa = PBXBuildFile; fileRef = B19B58C02F088CFF00FA33EC /* VitalControlsBar.swift */; };
		B1ICONOIR000000001 /* Iconoir in Frameworks */ = {isa = PBXBuildFile; productRef = B1ICONOIR000000002 /* Iconoir */; };
		C1TIMELINE00000012 /* TimelineConfig.swift in Sources */ = {isa = PBXBuildFile; fileRef = C1TIMELINE00000002 /* TimelineConfig.swift */; };
		C1TIMELINE00000013 /* VideoReel.swift in Sources */ = {isa = PBXBuildFile; fileRef = C1TIMELINE00000003 /* VideoReel.swift */; };
		C1TIMELINE00000014 /* AudioClip.swift in Sources */ = {isa = PBXBuildFile; fileRef = C1TIMELINE00000004 /* AudioClip.swift */; };
		C1TIMELINE00000015 /* AudioLane.swift in Sources */ = {isa = PBXBuildFile; fileRef = C1TIMELINE00000005 /* AudioLane.swift */; };
		C1TIMELINE00000016 /* Timeline.swift in Sources */ = {isa = PBXBuildFile; fileRef = C1TIMELINE00000006 /* Timeline.swift */; };
		C1TIMELINE00000017 /* TimelineManager.swift in Sources */ = {isa = PBXBuildFile; fileRef = C1TIMELINE00000007 /* TimelineManager.swift */; };
		C1TIMELINE00000018 /* MediaItem.swift in Sources */ = {isa = PBXBuildFile; fileRef = C1TIMELINE00000008 /* MediaItem.swift */; };
		C1TIMELINE00000019 /* ProjectMediaLibrary.swift in Sources */ = {isa = PBXBuildFile; fileRef = C1TIMELINE00000009 /* ProjectMediaLibrary.swift */; };
		C1TIMELINE0000001A /* WaveformCache.swift in Sources */ = {isa = PBXBuildFile; fileRef = C1TIMELINE0000000A /* WaveformCache.swift */; };
		C1TIMELINE0000001B /* PlaybackEngine.swift in Sources */ = {isa = PBXBuildFile; fileRef = C1TIMELINE0000000B /* PlaybackEngine.swift */; };
		C1TIMELINE0000003B /* ThumbnailCache.swift in Sources */ = {isa = PBXBuildFile; fileRef = C1TIMELINE0000003A /* ThumbnailCache.swift */; };
		C1TIMELINE0000001C /* VideoReelClipView.swift in Sources */ = {isa = PBXBuildFile; fileRef = C1TIMELINE0000000C /* VideoReelClipView.swift */; };
		C1TIMELINE0000001D /* VideoTrackView.swift in Sources */ = {isa = PBXBuildFile; fileRef = C1TIMELINE0000000D /* VideoTrackView.swift */; };
		C1TIMELINE0000001E /* AudioClipView.swift in Sources */ = {isa = PBXBuildFile; fileRef = C1TIMELINE0000000E /* AudioClipView.swift */; };
		C1TIMELINE0000001F /* AudioLaneView.swift in Sources */ = {isa = PBXBuildFile; fileRef = C1TIMELINE0000000F /* AudioLaneView.swift */; };
		C1TIMELINE00000020 /* PlayheadView.swift in Sources */ = {isa = PBXBuildFile; fileRef = C1TIMELINE00000010 /* PlayheadView.swift */; };
		C1TIMELINE00000021 /* MultiTrackTimelineView.swift in Sources */ = {isa = PBXBuildFile; fileRef = C1TIMELINE00000011 /* MultiTrackTimelineView.swift */; };
		C1TIMELINE00000025 /* MediaItemRow.swift in Sources */ = {isa = PBXBuildFile; fileRef = C1TIMELINE00000022 /* MediaItemRow.swift */; };
		C1TIMELINE00000026 /* FileManagerView.swift in Sources */ = {isa = PBXBuildFile; fileRef = C1TIMELINE00000023 /* FileManagerView.swift */; };
		C1TIMELINE0000002C /* ThumbnailStrip.swift in Sources */ = {isa = PBXBuildFile; fileRef = C1TIMELINE0000002B /* ThumbnailStrip.swift */; };
		C1VISUALFX0000001 /* VisualEffectView.swift in Sources */ = {isa = PBXBuildFile; fileRef = C1VISUALFX0000002 /* VisualEffectView.swift */; };
		C1WAVEFORM000003 /* DSWaveformImageViews in Frameworks */ = {isa = PBXBuildFile; productRef = C1WAVEFORM000002 /* DSWaveformImageViews */; };
		C1WAVEFORM000005 /* DSWaveformImage in Frameworks */ = {isa = PBXBuildFile; productRef = C1WAVEFORM000004 /* DSWaveformImage */; };
		753331FCF4CC4E1A8578392C /* MediaOptimizationServiceProtocol.swift in Sources */ = {isa = PBXBuildFile; fileRef = D2403C06D2294027B9140EB4 /* MediaOptimizationServiceProtocol.swift */; };
		2D32AFD4ED0B4C24B8B2504B /* MediaOptimizationService.swift in Sources */ = {isa = PBXBuildFile; fileRef = F1CB65275AFE49C6AFD24B05 /* MediaOptimizationService.swift */; };
		F587047D294B4B08BD7B94B1 /* OptimizationViewModel.swift in Sources */ = {isa = PBXBuildFile; fileRef = DE90E852077C43F9AE6F40DF /* OptimizationViewModel.swift */; };
		8FA4E4EA4DA645D395B3ACD7 /* OptimizeMediaButton.swift in Sources */ = {isa = PBXBuildFile; fileRef = 020DEC73914C4FCDB4106B0D /* OptimizeMediaButton.swift */; };
		CBA9B198D87A4901A984348F /* OptimizationSheetView.swift in Sources */ = {isa = PBXBuildFile; fileRef = CF52682FA9954FFD8CCAD64E /* OptimizationSheetView.swift */; };
		SAVE0001PROJECTSHEET01 /* SaveProjectSheet.swift in Sources */ = {isa = PBXBuildFile; fileRef = SAVE0002PROJECTSHEET02 /* SaveProjectSheet.swift */; };
/* End PBXBuildFile section */

/* Begin PBXContainerItemProxy section */
		20B866F0369DCFB2B0A3F8EF /* PBXContainerItemProxy */ = {
			isa = PBXContainerItemProxy;
			containerPortal = A1000001227D3F0000000001 /* Project object */;
			proxyType = 1;
			remoteGlobalIDString = A1000001227D3F000000000F;
			remoteInfo = Projector;
		};
		7EA5EE38FB0E4714F60F3D2D /* PBXContainerItemProxy */ = {
			isa = PBXContainerItemProxy;
			containerPortal = A1000001227D3F0000000001 /* Project object */;
			proxyType = 1;
			remoteGlobalIDString = A1000001227D3F000000000F;
			remoteInfo = Projector;
		};
		B149C5502F0722DB001F9C85 /* PBXContainerItemProxy */ = {
			isa = PBXContainerItemProxy;
			containerPortal = A1000001227D3F0000000001 /* Project object */;
			proxyType = 1;
			remoteGlobalIDString = B149C5422F0722DA001F9C85;
			remoteInfo = ProjectorQuickLook;
		};
		B149C5592F07248D001F9C85 /* PBXContainerItemProxy */ = {
			isa = PBXContainerItemProxy;
			containerPortal = A1000001227D3F0000000001 /* Project object */;
			proxyType = 1;
			remoteGlobalIDString = B149C5422F0722DA001F9C85;
			remoteInfo = ProjectorQuickLook;
		};
/* End PBXContainerItemProxy section */

/* Begin PBXCopyFilesBuildPhase section */
		B149C5532F0722DB001F9C85 /* Embed Foundation Extensions */ = {
			isa = PBXCopyFilesBuildPhase;
			buildActionMask = 2147483647;
			dstPath = "";
			dstSubfolderSpec = 13;
			files = (
				B149C5522F0722DB001F9C85 /* ProjectorQuickLook.appex in Embed Foundation Extensions */,
			);
			name = "Embed Foundation Extensions";
			runOnlyForDeploymentPostprocessing = 0;
		};
/* End PBXCopyFilesBuildPhase section */

/* Begin PBXFileReference section */
		09CB2A043A720DB7314125A0 /* ProjectorTests.xctest */ = {isa = PBXFileReference; explicitFileType = wrapper.cfbundle; includeInIndex = 0; path = ProjectorTests.xctest; sourceTree = BUILT_PRODUCTS_DIR; };
		0D049757BEF1EE1D4B8B48BD /* ProjectorUITests.xctest */ = {isa = PBXFileReference; explicitFileType = wrapper.cfbundle; includeInIndex = 0; path = ProjectorUITests.xctest; sourceTree = BUILT_PRODUCTS_DIR; };
		14506C8D8408E65D66372269 /* TestAudioFileFactory.swift */ = {isa = PBXFileReference; lastKnownFileType = sourcecode.swift; path = TestAudioFileFactory.swift; sourceTree = "<group>"; };
		2B265A5FDB2959F2C1FF24BC /* ProjectorUITests.swift */ = {isa = PBXFileReference; lastKnownFileType = sourcecode.swift; path = ProjectorUITests.swift; sourceTree = "<group>"; };
		56A60EE069664A32A9209AF1 /* AccordionResizeHandle.swift */ = {isa = PBXFileReference; lastKnownFileType = sourcecode.swift; path = AccordionResizeHandle.swift; sourceTree = "<group>"; };
		648C405AE05C49199696C8C5 /* TimelineAccordionView.swift */ = {isa = PBXFileReference; lastKnownFileType = sourcecode.swift; path = TimelineAccordionView.swift; sourceTree = "<group>"; };
		991D568ED3E77EA1C83F341A /* UITestAudioFileFactory.swift */ = {isa = PBXFileReference; lastKnownFileType = sourcecode.swift; path = UITestAudioFileFactory.swift; sourceTree = "<group>"; };
		A04AA25E97254C758E8138F0 /* WindowTitleConfigurator.swift */ = {isa = PBXFileReference; lastKnownFileType = sourcecode.swift; path = WindowTitleConfigurator.swift; sourceTree = "<group>"; };
		A1000001227D3F0000000010 /* Projector.app */ = {isa = PBXFileReference; explicitFileType = wrapper.application; includeInIndex = 0; path = Projector.app; sourceTree = BUILT_PRODUCTS_DIR; };
		A1000001227D3F0000000011 /* ProjectorApp.swift */ = {isa = PBXFileReference; lastKnownFileType = sourcecode.swift; path = ProjectorApp.swift; sourceTree = "<group>"; };
		A1000001227D3F0000000012 /* ContentView.swift */ = {isa = PBXFileReference; lastKnownFileType = sourcecode.swift; path = ContentView.swift; sourceTree = "<group>"; };
		A1000001227D3F0000000013 /* VideoPlayerView.swift */ = {isa = PBXFileReference; lastKnownFileType = sourcecode.swift; path = VideoPlayerView.swift; sourceTree = "<group>"; };
		A1000001227D3F0000000014 /* TransportBarView.swift */ = {isa = PBXFileReference; lastKnownFileType = sourcecode.swift; path = TransportBarView.swift; sourceTree = "<group>"; };
		A1000001227D3F0000000018 /* Assets.xcassets */ = {isa = PBXFileReference; lastKnownFileType = folder.assetcatalog; path = Assets.xcassets; sourceTree = "<group>"; };
		A1000001227D3F0000000019 /* Info.plist */ = {isa = PBXFileReference; lastKnownFileType = text.plist.xml; path = Info.plist; sourceTree = "<group>"; };
		A1000001227D3F000000001A /* Projector.entitlements */ = {isa = PBXFileReference; lastKnownFileType = text.plist.entitlements; path = Projector.entitlements; sourceTree = "<group>"; };
		A1000001227D3F000000006F /* MIDIManager.swift */ = {isa = PBXFileReference; lastKnownFileType = sourcecode.swift; path = MIDIManager.swift; sourceTree = "<group>"; };
		A1000001227D3F0000000071 /* AudioOutputManager.swift */ = {isa = PBXFileReference; lastKnownFileType = sourcecode.swift; path = AudioOutputManager.swift; sourceTree = "<group>"; };
		A1000001227D3F0000000073 /* SettingsView.swift */ = {isa = PBXFileReference; lastKnownFileType = sourcecode.swift; path = SettingsView.swift; sourceTree = "<group>"; };
		A1000001227D3F0000000075 /* AppSettings.swift */ = {isa = PBXFileReference; lastKnownFileType = sourcecode.swift; path = AppSettings.swift; sourceTree = "<group>"; };
		A1000001227D3F0000000082 /* WaveformData.swift */ = {isa = PBXFileReference; lastKnownFileType = sourcecode.swift; path = WaveformData.swift; sourceTree = "<group>"; };
		A1000001227D3F0000000083 /* WaveformGenerator.swift */ = {isa = PBXFileReference; lastKnownFileType = sourcecode.swift; path = WaveformGenerator.swift; sourceTree = "<group>"; };
		A1000001227D3F0000000085 /* TimelineRulerView.swift */ = {isa = PBXFileReference; lastKnownFileType = sourcecode.swift; path = TimelineRulerView.swift; sourceTree = "<group>"; };
		A1000001227D3F0000000087 /* WaveformShape.swift */ = {isa = PBXFileReference; lastKnownFileType = sourcecode.swift; path = WaveformShape.swift; sourceTree = "<group>"; };
		A1000001227D3F0000000090 /* TimecodeOCRManager.swift */ = {isa = PBXFileReference; lastKnownFileType = sourcecode.swift; path = TimecodeOCRManager.swift; sourceTree = "<group>"; };
		A1000001227D3F00000000D1 /* ProjectDocument.swift */ = {isa = PBXFileReference; lastKnownFileType = sourcecode.swift; path = ProjectDocument.swift; sourceTree = "<group>"; };
		A1000001227D3F00000000E1 /* Credits.rtfd */ = {isa = PBXFileReference; lastKnownFileType = wrapper.rtfd; path = Credits.rtfd; sourceTree = "<group>"; };
		A1000001227D3F00000000E3 /* DocumentIcon.icns */ = {isa = PBXFileReference; lastKnownFileType = image.icns; path = DocumentIcon.icns; sourceTree = "<group>"; };
		B149C5432F0722DA001F9C85 /* ProjectorQuickLook.appex */ = {isa = PBXFileReference; explicitFileType = "wrapper.app-extension"; includeInIndex = 0; path = ProjectorQuickLook.appex; sourceTree = BUILT_PRODUCTS_DIR; };
		B149C5452F0722DA001F9C85 /* Quartz.framework */ = {isa = PBXFileReference; lastKnownFileType = wrapper.framework; name = Quartz.framework; path = System/Library/Frameworks/Quartz.framework; sourceTree = SDKROOT; };
		B19B58B12F0889F200FA33EC /* MIDISyncServiceProtocol.swift */ = {isa = PBXFileReference; lastKnownFileType = sourcecode.swift; path = MIDISyncServiceProtocol.swift; sourceTree = "<group>"; };
		B19B58B22F0889F200FA33EC /* TransportServiceProtocol.swift */ = {isa = PBXFileReference; lastKnownFileType = sourcecode.swift; path = TransportServiceProtocol.swift; sourceTree = "<group>"; };
		B19B58B42F0889F200FA33EC /* LayoutConstants.swift */ = {isa = PBXFileReference; lastKnownFileType = sourcecode.swift; path = LayoutConstants.swift; sourceTree = "<group>"; };
		B19B58B62F0889F200FA33EC /* MIDISyncViewModel.swift */ = {isa = PBXFileReference; lastKnownFileType = sourcecode.swift; path = MIDISyncViewModel.swift; sourceTree = "<group>"; };
		B19B58BC2F088AEA00FA33EC /* MIDISyncActor.swift */ = {isa = PBXFileReference; lastKnownFileType = sourcecode.swift; path = MIDISyncActor.swift; sourceTree = "<group>"; };
		B19B58BE2F088BFF00FA33EC /* TimelineViewModel.swift */ = {isa = PBXFileReference; lastKnownFileType = sourcecode.swift; path = TimelineViewModel.swift; sourceTree = "<group>"; };
		B19B58C02F088CFF00FA33EC /* VitalControlsBar.swift */ = {isa = PBXFileReference; lastKnownFileType = sourcecode.swift; path = VitalControlsBar.swift; sourceTree = "<group>"; };
		C1TIMELINE00000002 /* TimelineConfig.swift */ = {isa = PBXFileReference; lastKnownFileType = sourcecode.swift; path = TimelineConfig.swift; sourceTree = "<group>"; };
		C1TIMELINE00000003 /* VideoReel.swift */ = {isa = PBXFileReference; lastKnownFileType = sourcecode.swift; path = VideoReel.swift; sourceTree = "<group>"; };
		C1TIMELINE00000004 /* AudioClip.swift */ = {isa = PBXFileReference; lastKnownFileType = sourcecode.swift; path = AudioClip.swift; sourceTree = "<group>"; };
		C1TIMELINE00000005 /* AudioLane.swift */ = {isa = PBXFileReference; lastKnownFileType = sourcecode.swift; path = AudioLane.swift; sourceTree = "<group>"; };
		C1TIMELINE00000006 /* Timeline.swift */ = {isa = PBXFileReference; lastKnownFileType = sourcecode.swift; path = Timeline.swift; sourceTree = "<group>"; };
		C1TIMELINE00000007 /* TimelineManager.swift */ = {isa = PBXFileReference; lastKnownFileType = sourcecode.swift; path = TimelineManager.swift; sourceTree = "<group>"; };
		C1TIMELINE00000008 /* MediaItem.swift */ = {isa = PBXFileReference; lastKnownFileType = sourcecode.swift; path = MediaItem.swift; sourceTree = "<group>"; };
		C1TIMELINE00000009 /* ProjectMediaLibrary.swift */ = {isa = PBXFileReference; lastKnownFileType = sourcecode.swift; path = ProjectMediaLibrary.swift; sourceTree = "<group>"; };
		C1TIMELINE0000000A /* WaveformCache.swift */ = {isa = PBXFileReference; lastKnownFileType = sourcecode.swift; path = WaveformCache.swift; sourceTree = "<group>"; };
		C1TIMELINE0000003A /* ThumbnailCache.swift */ = {isa = PBXFileReference; lastKnownFileType = sourcecode.swift; path = ThumbnailCache.swift; sourceTree = "<group>"; };
		C1TIMELINE0000000B /* PlaybackEngine.swift */ = {isa = PBXFileReference; lastKnownFileType = sourcecode.swift; path = PlaybackEngine.swift; sourceTree = "<group>"; };
		C1TIMELINE0000000C /* VideoReelClipView.swift */ = {isa = PBXFileReference; lastKnownFileType = sourcecode.swift; path = VideoReelClipView.swift; sourceTree = "<group>"; };
		C1TIMELINE0000000D /* VideoTrackView.swift */ = {isa = PBXFileReference; lastKnownFileType = sourcecode.swift; path = VideoTrackView.swift; sourceTree = "<group>"; };
		C1TIMELINE0000000E /* AudioClipView.swift */ = {isa = PBXFileReference; lastKnownFileType = sourcecode.swift; path = AudioClipView.swift; sourceTree = "<group>"; };
		C1TIMELINE0000000F /* AudioLaneView.swift */ = {isa = PBXFileReference; lastKnownFileType = sourcecode.swift; path = AudioLaneView.swift; sourceTree = "<group>"; };
		C1TIMELINE00000010 /* PlayheadView.swift */ = {isa = PBXFileReference; lastKnownFileType = sourcecode.swift; path = PlayheadView.swift; sourceTree = "<group>"; };
		C1TIMELINE00000011 /* MultiTrackTimelineView.swift */ = {isa = PBXFileReference; lastKnownFileType = sourcecode.swift; path = MultiTrackTimelineView.swift; sourceTree = "<group>"; };
		C1TIMELINE00000022 /* MediaItemRow.swift */ = {isa = PBXFileReference; lastKnownFileType = sourcecode.swift; path = MediaItemRow.swift; sourceTree = "<group>"; };
		C1TIMELINE00000023 /* FileManagerView.swift */ = {isa = PBXFileReference; lastKnownFileType = sourcecode.swift; path = FileManagerView.swift; sourceTree = "<group>"; };
		C1TIMELINE0000002B /* ThumbnailStrip.swift */ = {isa = PBXFileReference; lastKnownFileType = sourcecode.swift; path = ThumbnailStrip.swift; sourceTree = "<group>"; };
		C1VISUALFX0000002 /* VisualEffectView.swift */ = {isa = PBXFileReference; lastKnownFileType = sourcecode.swift; path = VisualEffectView.swift; sourceTree = "<group>"; };
		FD5C2B42215FEBC92028DAE5 /* WaveformCacheTests.swift */ = {isa = PBXFileReference; lastKnownFileType = sourcecode.swift; path = WaveformCacheTests.swift; sourceTree = "<group>"; };
		D2403C06D2294027B9140EB4 /* MediaOptimizationServiceProtocol.swift */ = {isa = PBXFileReference; lastKnownFileType = sourcecode.swift; path = MediaOptimizationServiceProtocol.swift; sourceTree = "<group>"; };
		F1CB65275AFE49C6AFD24B05 /* MediaOptimizationService.swift */ = {isa = PBXFileReference; lastKnownFileType = sourcecode.swift; path = MediaOptimizationService.swift; sourceTree = "<group>"; };
		DE90E852077C43F9AE6F40DF /* OptimizationViewModel.swift */ = {isa = PBXFileReference; lastKnownFileType = sourcecode.swift; path = OptimizationViewModel.swift; sourceTree = "<group>"; };
		020DEC73914C4FCDB4106B0D /* OptimizeMediaButton.swift */ = {isa = PBXFileReference; lastKnownFileType = sourcecode.swift; path = OptimizeMediaButton.swift; sourceTree = "<group>"; };
		CF52682FA9954FFD8CCAD64E /* OptimizationSheetView.swift */ = {isa = PBXFileReference; lastKnownFileType = sourcecode.swift; path = OptimizationSheetView.swift; sourceTree = "<group>"; };
		SAVE0002PROJECTSHEET02 /* SaveProjectSheet.swift */ = {isa = PBXFileReference; lastKnownFileType = sourcecode.swift; path = SaveProjectSheet.swift; sourceTree = "<group>"; };
/* End PBXFileReference section */

/* Begin PBXFileSystemSynchronizedBuildFileExceptionSet section */
		B149C5562F0722DB001F9C85 /* PBXFileSystemSynchronizedBuildFileExceptionSet */ = {
			isa = PBXFileSystemSynchronizedBuildFileExceptionSet;
			membershipExceptions = (
				Info.plist,
			);
			target = B149C5422F0722DA001F9C85 /* ProjectorQuickLook */;
		};
/* End PBXFileSystemSynchronizedBuildFileExceptionSet section */

/* Begin PBXFileSystemSynchronizedRootGroup section */
		B149C5472F0722DA001F9C85 /* ProjectorQuickLook */ = {isa = PBXFileSystemSynchronizedRootGroup; exceptions = (B149C5562F0722DB001F9C85 /* PBXFileSystemSynchronizedBuildFileExceptionSet */, ); explicitFileTypes = {}; explicitFolders = (); path = ProjectorQuickLook; sourceTree = "<group>"; };
/* End PBXFileSystemSynchronizedRootGroup section */

/* Begin PBXFrameworksBuildPhase section */
		0AF54BEDEE50BF79C1696E1F /* Frameworks */ = {
			isa = PBXFrameworksBuildPhase;
			buildActionMask = 2147483647;
			files = (
			);
			runOnlyForDeploymentPostprocessing = 0;
		};
		9C60495B9A0CD01629C0DB47 /* Frameworks */ = {
			isa = PBXFrameworksBuildPhase;
			buildActionMask = 2147483647;
			files = (
			);
			runOnlyForDeploymentPostprocessing = 0;
		};
		A1000001227D3F000000000D /* Frameworks */ = {
			isa = PBXFrameworksBuildPhase;
			buildActionMask = 2147483647;
			files = (
				A1000001227D3F0000000060 /* MIDIKitIO in Frameworks */,
				A1000001227D3F0000000062 /* MIDIKitSync in Frameworks */,
				A1000001227D3F0000000064 /* SwiftTimecodeCore in Frameworks */,
				A1000001227D3F0000000066 /* SwiftTimecodeAV in Frameworks */,
				A1000001227D3F0000000068 /* SwiftTimecodeUI in Frameworks */,
				B1ICONOIR000000001 /* Iconoir in Frameworks */,
				C1WAVEFORM000003 /* DSWaveformImageViews in Frameworks */,
				C1WAVEFORM000005 /* DSWaveformImage in Frameworks */,
			);
			runOnlyForDeploymentPostprocessing = 0;
		};
		B149C5402F0722DA001F9C85 /* Frameworks */ = {
			isa = PBXFrameworksBuildPhase;
			buildActionMask = 2147483647;
			files = (
				B149C5462F0722DA001F9C85 /* Quartz.framework in Frameworks */,
			);
			runOnlyForDeploymentPostprocessing = 0;
		};
/* End PBXFrameworksBuildPhase section */

/* Begin PBXGroup section */
		3BD953EF1BF1714A87337C38 /* ProjectorTests */ = {
			isa = PBXGroup;
			children = (
				14506C8D8408E65D66372269 /* TestAudioFileFactory.swift */,
				FD5C2B42215FEBC92028DAE5 /* WaveformCacheTests.swift */,
			);
			path = ProjectorTests;
			sourceTree = "<group>";
		};
		5C6AE5B76D9AE0A415E4E986 /* ProjectorUITests */ = {
			isa = PBXGroup;
			children = (
				991D568ED3E77EA1C83F341A /* UITestAudioFileFactory.swift */,
				2B265A5FDB2959F2C1FF24BC /* ProjectorUITests.swift */,
			);
			path = ProjectorUITests;
			sourceTree = "<group>";
		};
		A1000001227D3F0000000020 = {
			isa = PBXGroup;
			children = (
				A1000001227D3F0000000021 /* Projector */,
				3BD953EF1BF1714A87337C38 /* ProjectorTests */,
				5C6AE5B76D9AE0A415E4E986 /* ProjectorUITests */,
				B149C5472F0722DA001F9C85 /* ProjectorQuickLook */,
				B149C5442F0722DA001F9C85 /* Frameworks */,
				A1000001227D3F000000002F /* Products */,
			);
			sourceTree = "<group>";
		};
		A1000001227D3F0000000021 /* Projector */ = {
			isa = PBXGroup;
			children = (
				B19B58B32F0889F200FA33EC /* Contracts */,
				B19B58B52F0889F200FA33EC /* Utilities */,
				B19B58B72F0889F200FA33EC /* ViewModels */,
				A1000001227D3F0000000011 /* ProjectorApp.swift */,
				A1000001227D3F0000000022 /* Models */,
				A1000001227D3F0000000023 /* Managers */,
				A1000001227D3F0000000024 /* Views */,
				A1000001227D3F0000000026 /* Resources */,
				A1000001227D3F0000000019 /* Info.plist */,
				A1000001227D3F000000001A /* Projector.entitlements */,
			);
			path = Projector;
			sourceTree = "<group>";
		};
		A1000001227D3F0000000022 /* Models */ = {
			isa = PBXGroup;
			children = (
				C1TIMELINE00000001 /* Timeline */,
				A1000001227D3F0000000075 /* AppSettings.swift */,
				A1000001227D3F00000000D1 /* ProjectDocument.swift */,
				A1000001227D3F0000000082 /* WaveformData.swift */,
				C1TIMELINE00000008 /* MediaItem.swift */,
			);
			path = Models;
			sourceTree = "<group>";
		};
		A1000001227D3F0000000023 /* Managers */ = {
			isa = PBXGroup;
			children = (
				F1CB65275AFE49C6AFD24B05 /* MediaOptimizationService.swift */,
				B19B58BC2F088AEA00FA33EC /* MIDISyncActor.swift */,
				A1000001227D3F000000006F /* MIDIManager.swift */,
				A1000001227D3F0000000071 /* AudioOutputManager.swift */,
				A1000001227D3F0000000083 /* WaveformGenerator.swift */,
				A1000001227D3F0000000090 /* TimecodeOCRManager.swift */,
				C1TIMELINE00000007 /* TimelineManager.swift */,
				C1TIMELINE00000009 /* ProjectMediaLibrary.swift */,
				C1TIMELINE0000000A /* WaveformCache.swift */,
				C1TIMELINE0000003A /* ThumbnailCache.swift */,
				C1TIMELINE0000000B /* PlaybackEngine.swift */,
			);
			path = Managers;
			sourceTree = "<group>";
		};
		A1000001227D3F0000000024 /* Views */ = {
			isa = PBXGroup;
			children = (
				59F7937C1F65403C8FBC4921 /* Optimization */,
				A1000001227D3F0000000012 /* ContentView.swift */,
				A1000001227D3F0000000013 /* VideoPlayerView.swift */,
				A1000001227D3F0000000014 /* TransportBarView.swift */,
				A1000001227D3F0000000073 /* SettingsView.swift */,
				B19B58C02F088CFF00FA33EC /* VitalControlsBar.swift */,
				C1VISUALFX0000002 /* VisualEffectView.swift */,
				A1000001227D3F0000000089 /* Timeline */,
				C1TIMELINE00000024 /* FileManager */,
				648C405AE05C49199696C8C5 /* TimelineAccordionView.swift */,
				A04AA25E97254C758E8138F0 /* WindowTitleConfigurator.swift */,
				56A60EE069664A32A9209AF1 /* AccordionResizeHandle.swift */,
				SAVE0002PROJECTSHEET02 /* SaveProjectSheet.swift */,
			);
			path = Views;
			sourceTree = "<group>";
		};
		A1000001227D3F0000000026 /* Resources */ = {
			isa = PBXGroup;
			children = (
				A1000001227D3F0000000018 /* Assets.xcassets */,
				A1000001227D3F00000000E1 /* Credits.rtfd */,
				A1000001227D3F00000000E3 /* DocumentIcon.icns */,
			);
			path = Resources;
			sourceTree = "<group>";
		};
		A1000001227D3F000000002F /* Products */ = {
			isa = PBXGroup;
			children = (
				A1000001227D3F0000000010 /* Projector.app */,
				09CB2A043A720DB7314125A0 /* ProjectorTests.xctest */,
				0D049757BEF1EE1D4B8B48BD /* ProjectorUITests.xctest */,
				B149C5432F0722DA001F9C85 /* ProjectorQuickLook.appex */,
			);
			name = Products;
			sourceTree = "<group>";
		};
		A1000001227D3F0000000089 /* Timeline */ = {
			isa = PBXGroup;
			children = (
				A1000001227D3F0000000085 /* TimelineRulerView.swift */,
				A1000001227D3F0000000087 /* WaveformShape.swift */,
				C1TIMELINE0000000C /* VideoReelClipView.swift */,
				C1TIMELINE0000000D /* VideoTrackView.swift */,
				C1TIMELINE0000000E /* AudioClipView.swift */,
				C1TIMELINE0000000F /* AudioLaneView.swift */,
				C1TIMELINE00000010 /* PlayheadView.swift */,
				C1TIMELINE00000011 /* MultiTrackTimelineView.swift */,
			);
			path = Timeline;
			sourceTree = "<group>";
		};
		B149C5442F0722DA001F9C85 /* Frameworks */ = {
			isa = PBXGroup;
			children = (
				B149C5452F0722DA001F9C85 /* Quartz.framework */,
			);
			name = Frameworks;
			sourceTree = "<group>";
		};
		B19B58B32F0889F200FA33EC /* Contracts */ = {
			isa = PBXGroup;
			children = (
				D2403C06D2294027B9140EB4 /* MediaOptimizationServiceProtocol.swift */,
				B19B58B12F0889F200FA33EC /* MIDISyncServiceProtocol.swift */,
				B19B58B22F0889F200FA33EC /* TransportServiceProtocol.swift */,
			);
			path = Contracts;
			sourceTree = "<group>";
		};
		B19B58B52F0889F200FA33EC /* Utilities */ = {
			isa = PBXGroup;
			children = (
				B19B58B42F0889F200FA33EC /* LayoutConstants.swift */,
			);
			path = Utilities;
			sourceTree = "<group>";
		};
		B19B58B72F0889F200FA33EC /* ViewModels */ = {
			isa = PBXGroup;
			children = (
				DE90E852077C43F9AE6F40DF /* OptimizationViewModel.swift */,
				B19B58B62F0889F200FA33EC /* MIDISyncViewModel.swift */,
				B19B58BE2F088BFF00FA33EC /* TimelineViewModel.swift */,
			);
			path = ViewModels;
			sourceTree = "<group>";
		};
		C1TIMELINE00000001 /* Timeline */ = {
			isa = PBXGroup;
			children = (
				C1TIMELINE00000002 /* TimelineConfig.swift */,
				C1TIMELINE00000003 /* VideoReel.swift */,
				C1TIMELINE00000004 /* AudioClip.swift */,
				C1TIMELINE00000005 /* AudioLane.swift */,
				C1TIMELINE00000006 /* Timeline.swift */,
				C1TIMELINE0000002B /* ThumbnailStrip.swift */,
			);
			path = Timeline;
			sourceTree = "<group>";
		};
		C1TIMELINE00000024 /* FileManager */ = {
			isa = PBXGroup;
			children = (
				C1TIMELINE00000022 /* MediaItemRow.swift */,
				C1TIMELINE00000023 /* FileManagerView.swift */,
			);
			path = FileManager;
			sourceTree = "<group>";
		};

		59F7937C1F65403C8FBC4921 /* Optimization */ = {
			isa = PBXGroup;
			children = (
				020DEC73914C4FCDB4106B0D /* OptimizeMediaButton.swift */,
				CF52682FA9954FFD8CCAD64E /* OptimizationSheetView.swift */,
			);
			path = Optimization;
			sourceTree = "<group>";
		};
/* End PBXGroup section */

/* Begin PBXNativeTarget section */
		4E3D275596E6D217F447E84C /* ProjectorUITests */ = {
			isa = PBXNativeTarget;
			buildConfigurationList = 045B9E588EC46174FD6108B9 /* Build configuration list for PBXNativeTarget "ProjectorUITests" */;
			buildPhases = (
				50F3CF58997D9E2F0BCEE6AD /* Sources */,
				9C60495B9A0CD01629C0DB47 /* Frameworks */,
				429444B0E134A9521948A1E6 /* Resources */,
			);
			buildRules = (
			);
			dependencies = (
				DB24BB844421A5A71EAE933A /* PBXTargetDependency */,
			);
			name = ProjectorUITests;
			packageProductDependencies = (
			);
			productName = ProjectorUITests;
			productReference = 0D049757BEF1EE1D4B8B48BD /* ProjectorUITests.xctest */;
			productType = "com.apple.product-type.bundle.ui-testing";
		};
		A1000001227D3F000000000F /* Projector */ = {
			isa = PBXNativeTarget;
			buildConfigurationList = A1000001227D3F0000000040 /* Build configuration list for PBXNativeTarget "Projector" */;
			buildPhases = (
				A1000001227D3F000000000C /* Sources */,
				A1000001227D3F000000000D /* Frameworks */,
				A1000001227D3F000000000E /* Resources */,
				B149C5532F0722DB001F9C85 /* Embed Foundation Extensions */,
			);
			buildRules = (
			);
			dependencies = (
				B149C5512F0722DB001F9C85 /* PBXTargetDependency */,
				B149C55A2F07248D001F9C85 /* PBXTargetDependency */,
			);
			name = Projector;
			packageProductDependencies = (
				A1000001227D3F000000005F /* MIDIKitIO */,
				A1000001227D3F0000000061 /* MIDIKitSync */,
				A1000001227D3F0000000063 /* SwiftTimecodeCore */,
				A1000001227D3F0000000065 /* SwiftTimecodeAV */,
				A1000001227D3F0000000067 /* SwiftTimecodeUI */,
				B1ICONOIR000000002 /* Iconoir */,
				C1WAVEFORM000002 /* DSWaveformImageViews */,
				C1WAVEFORM000004 /* DSWaveformImage */,
			);
			productName = Projector;
			productReference = A1000001227D3F0000000010 /* Projector.app */;
			productType = "com.apple.product-type.application";
		};
		B149C5422F0722DA001F9C85 /* ProjectorQuickLook */ = {
			isa = PBXNativeTarget;
			buildConfigurationList = B149C5572F0722DB001F9C85 /* Build configuration list for PBXNativeTarget "ProjectorQuickLook" */;
			buildPhases = (
				B149C53F2F0722DA001F9C85 /* Sources */,
				B149C5402F0722DA001F9C85 /* Frameworks */,
				B149C5412F0722DA001F9C85 /* Resources */,
			);
			buildRules = (
			);
			dependencies = (
			);
			fileSystemSynchronizedGroups = (
				B149C5472F0722DA001F9C85 /* ProjectorQuickLook */,
			);
			name = ProjectorQuickLook;
			packageProductDependencies = (
			);
			productName = ProjectorQuickLook;
			productReference = B149C5432F0722DA001F9C85 /* ProjectorQuickLook.appex */;
			productType = "com.apple.product-type.app-extension";
		};
		BC5860153F34013028D4CE9C /* ProjectorTests */ = {
			isa = PBXNativeTarget;
			buildConfigurationList = 2E1D5377C527E6F68674B0DF /* Build configuration list for PBXNativeTarget "ProjectorTests" */;
			buildPhases = (
				6E8F54FD8D29281B11B6C1DC /* Sources */,
				0AF54BEDEE50BF79C1696E1F /* Frameworks */,
				B80FB98F2D2EA45C408020BB /* Resources */,
			);
			buildRules = (
			);
			dependencies = (
				2B8C64DF8114BE33B33CAD2D /* PBXTargetDependency */,
			);
			name = ProjectorTests;
			packageProductDependencies = (
			);
			productName = ProjectorTests;
			productReference = 09CB2A043A720DB7314125A0 /* ProjectorTests.xctest */;
			productType = "com.apple.product-type.bundle.unit-test";
		};
/* End PBXNativeTarget section */

/* Begin PBXProject section */
		A1000001227D3F0000000001 /* Project object */ = {
			isa = PBXProject;
			attributes = {
				BuildIndependentTargetsInParallel = 1;
				LastSwiftUpdateCheck = 2620;
				LastUpgradeCheck = 2620;
				TargetAttributes = {
					4E3D275596E6D217F447E84C = {
						CreatedOnToolsVersion = 16.0;
					};
					A1000001227D3F000000000F = {
						CreatedOnToolsVersion = 16.0;
					};
					B149C5422F0722DA001F9C85 = {
						CreatedOnToolsVersion = 26.2;
					};
					BC5860153F34013028D4CE9C = {
						CreatedOnToolsVersion = 16.0;
					};
				};
			};
			buildConfigurationList = A1000001227D3F0000000004 /* Build configuration list for PBXProject "Projector" */;
			compatibilityVersion = "Xcode 14.0";
			developmentRegion = en;
			hasScannedForEncodings = 0;
			knownRegions = (
				en,
				Base,
			);
			mainGroup = A1000001227D3F0000000020;
			packageReferences = (
				A1000001227D3F000000005D /* XCRemoteSwiftPackageReference "MIDIKit" */,
				A1000001227D3F000000005E /* XCRemoteSwiftPackageReference "swift-timecode" */,
				B1ICONOIR000000003 /* XCRemoteSwiftPackageReference "iconoir-swift" */,
				C1WAVEFORM000001 /* XCRemoteSwiftPackageReference "DSWaveformImage" */,
			);
			productRefGroup = A1000001227D3F000000002F /* Products */;
			projectDirPath = "";
			projectRoot = "";
			targets = (
				A1000001227D3F000000000F /* Projector */,
				B149C5422F0722DA001F9C85 /* ProjectorQuickLook */,
				BC5860153F34013028D4CE9C /* ProjectorTests */,
				4E3D275596E6D217F447E84C /* ProjectorUITests */,
			);
		};
/* End PBXProject section */

/* Begin PBXResourcesBuildPhase section */
		429444B0E134A9521948A1E6 /* Resources */ = {
			isa = PBXResourcesBuildPhase;
			buildActionMask = 2147483647;
			files = (
			);
			runOnlyForDeploymentPostprocessing = 0;
		};
		A1000001227D3F000000000E /* Resources */ = {
			isa = PBXResourcesBuildPhase;
			buildActionMask = 2147483647;
			files = (
				A1000001227D3F00000000B8 /* Assets.xcassets in Resources */,
				A1000001227D3F00000000B9 /* Credits.rtfd in Resources */,
				A1000001227D3F00000000E2 /* DocumentIcon.icns in Resources */,
			);
			runOnlyForDeploymentPostprocessing = 0;
		};
		B149C5412F0722DA001F9C85 /* Resources */ = {
			isa = PBXResourcesBuildPhase;
			buildActionMask = 2147483647;
			files = (
				B149C5582F07238C001F9C85 /* DocumentIcon.icns in Resources */,
			);
			runOnlyForDeploymentPostprocessing = 0;
		};
		B80FB98F2D2EA45C408020BB /* Resources */ = {
			isa = PBXResourcesBuildPhase;
			buildActionMask = 2147483647;
			files = (
			);
			runOnlyForDeploymentPostprocessing = 0;
		};
/* End PBXResourcesBuildPhase section */

/* Begin PBXSourcesBuildPhase section */
		50F3CF58997D9E2F0BCEE6AD /* Sources */ = {
			isa = PBXSourcesBuildPhase;
			buildActionMask = 2147483647;
			files = (
				52E6F25BE86C6D82F69255D4 /* UITestAudioFileFactory.swift in Sources */,
				98D24F6557F4656E904E4EBD /* ProjectorUITests.swift in Sources */,
			);
			runOnlyForDeploymentPostprocessing = 0;
		};
		6E8F54FD8D29281B11B6C1DC /* Sources */ = {
			isa = PBXSourcesBuildPhase;
			buildActionMask = 2147483647;
			files = (
				1218A8494ECAE07469982AFA /* TestAudioFileFactory.swift in Sources */,
				864AAC5C94DAF8054F840B27 /* WaveformCacheTests.swift in Sources */,
			);
			runOnlyForDeploymentPostprocessing = 0;
		};
		A1000001227D3F000000000C /* Sources */ = {
			isa = PBXSourcesBuildPhase;
			buildActionMask = 2147483647;
			files = (
				753331FCF4CC4E1A8578392C /* MediaOptimizationServiceProtocol.swift in Sources */,
				2D32AFD4ED0B4C24B8B2504B /* MediaOptimizationService.swift in Sources */,
				F587047D294B4B08BD7B94B1 /* OptimizationViewModel.swift in Sources */,
				8FA4E4EA4DA645D395B3ACD7 /* OptimizeMediaButton.swift in Sources */,
				CBA9B198D87A4901A984348F /* OptimizationSheetView.swift in Sources */,
				A1000001227D3F00000000B1 /* ProjectorApp.swift in Sources */,
				B19B58B82F0889F200FA33EC /* MIDISyncViewModel.swift in Sources */,
				B19B58BF2F088BFF00FA33EC /* TimelineViewModel.swift in Sources */,
				B19B58C12F088CFF00FA33EC /* VitalControlsBar.swift in Sources */,
				B19B58B92F0889F200FA33EC /* MIDISyncServiceProtocol.swift in Sources */,
				B19B58BA2F0889F200FA33EC /* LayoutConstants.swift in Sources */,
				B19B58BB2F0889F200FA33EC /* TransportServiceProtocol.swift in Sources */,
				A1000001227D3F00000000B2 /* ContentView.swift in Sources */,
				A1000001227D3F00000000B3 /* VideoPlayerView.swift in Sources */,
				A1000001227D3F00000000B4 /* TransportBarView.swift in Sources */,
				A1000001227D3F0000000070 /* MIDIManager.swift in Sources */,
				A1000001227D3F0000000072 /* AudioOutputManager.swift in Sources */,
				A1000001227D3F0000000074 /* SettingsView.swift in Sources */,
				A1000001227D3F0000000076 /* AppSettings.swift in Sources */,
				A1000001227D3F00000000D0 /* ProjectDocument.swift in Sources */,
				A1000001227D3F00000000C2 /* WaveformData.swift in Sources */,
				A1000001227D3F00000000C3 /* WaveformGenerator.swift in Sources */,
				A1000001227D3F00000000C5 /* TimelineRulerView.swift in Sources */,
				A1000001227D3F00000000C7 /* WaveformShape.swift in Sources */,
				A1000001227D3F00000000C9 /* TimecodeOCRManager.swift in Sources */,
				C1TIMELINE00000012 /* TimelineConfig.swift in Sources */,
				C1TIMELINE00000013 /* VideoReel.swift in Sources */,
				C1TIMELINE00000014 /* AudioClip.swift in Sources */,
				C1TIMELINE00000015 /* AudioLane.swift in Sources */,
				C1TIMELINE00000016 /* Timeline.swift in Sources */,
				C1TIMELINE0000002C /* ThumbnailStrip.swift in Sources */,
				C1TIMELINE00000017 /* TimelineManager.swift in Sources */,
				C1TIMELINE00000018 /* MediaItem.swift in Sources */,
				C1TIMELINE00000019 /* ProjectMediaLibrary.swift in Sources */,
				C1TIMELINE0000001A /* WaveformCache.swift in Sources */,
				C1TIMELINE0000003B /* ThumbnailCache.swift in Sources */,
				C1TIMELINE0000001B /* PlaybackEngine.swift in Sources */,
				C1TIMELINE0000001C /* VideoReelClipView.swift in Sources */,
				B19B58BD2F088AEA00FA33EC /* MIDISyncActor.swift in Sources */,
				C1TIMELINE0000001D /* VideoTrackView.swift in Sources */,
				C1TIMELINE0000001E /* AudioClipView.swift in Sources */,
				C1TIMELINE0000001F /* AudioLaneView.swift in Sources */,
				C1TIMELINE00000020 /* PlayheadView.swift in Sources */,
				C1TIMELINE00000021 /* MultiTrackTimelineView.swift in Sources */,
				C1TIMELINE00000025 /* MediaItemRow.swift in Sources */,
				C1TIMELINE00000026 /* FileManagerView.swift in Sources */,
				C1VISUALFX0000001 /* VisualEffectView.swift in Sources */,
				74EABBA338E34AE2882468C6 /* TimelineAccordionView.swift in Sources */,
				0F78E7CD06BB4CCBA9AA1A36 /* WindowTitleConfigurator.swift in Sources */,
				33E7262DBE394E3DA53FDE54 /* AccordionResizeHandle.swift in Sources */,
				SAVE0001PROJECTSHEET01 /* SaveProjectSheet.swift in Sources */,
			);
			runOnlyForDeploymentPostprocessing = 0;
		};
		B149C53F2F0722DA001F9C85 /* Sources */ = {
			isa = PBXSourcesBuildPhase;
			buildActionMask = 2147483647;
			files = (
			);
			runOnlyForDeploymentPostprocessing = 0;
		};
/* End PBXSourcesBuildPhase section */

/* Begin PBXTargetDependency section */
		2B8C64DF8114BE33B33CAD2D /* PBXTargetDependency */ = {
			isa = PBXTargetDependency;
			target = A1000001227D3F000000000F /* Projector */;
			targetProxy = 20B866F0369DCFB2B0A3F8EF /* PBXContainerItemProxy */;
		};
		B149C5512F0722DB001F9C85 /* PBXTargetDependency */ = {
			isa = PBXTargetDependency;
			target = B149C5422F0722DA001F9C85 /* ProjectorQuickLook */;
			targetProxy = B149C5502F0722DB001F9C85 /* PBXContainerItemProxy */;
		};
		B149C55A2F07248D001F9C85 /* PBXTargetDependency */ = {
			isa = PBXTargetDependency;
			target = B149C5422F0722DA001F9C85 /* ProjectorQuickLook */;
			targetProxy = B149C5592F07248D001F9C85 /* PBXContainerItemProxy */;
		};
		DB24BB844421A5A71EAE933A /* PBXTargetDependency */ = {
			isa = PBXTargetDependency;
			target = A1000001227D3F000000000F /* Projector */;
			targetProxy = 7EA5EE38FB0E4714F60F3D2D /* PBXContainerItemProxy */;
		};
/* End PBXTargetDependency section */

/* Begin XCBuildConfiguration section */
		0AA084425B3DD70A64358E9D /* Release */ = {
			isa = XCBuildConfiguration;
			buildSettings = {
				CODE_SIGN_STYLE = Automatic;
				CURRENT_PROJECT_VERSION = 1;
				GENERATE_INFOPLIST_FILE = YES;
				INFOPLIST_KEY_CFBundleDisplayName = ProjectorUITests;
				MACOSX_DEPLOYMENT_TARGET = 14.0;
				PRODUCT_BUNDLE_IDENTIFIER = com.projector.uitests;
				PRODUCT_NAME = "$(TARGET_NAME)";
				SWIFT_VERSION = 5.0;
				TEST_TARGET_NAME = Projector;
			};
			name = Release;
		};
		3839275C412797A8EF397DF6 /* Debug */ = {
			isa = XCBuildConfiguration;
			buildSettings = {
				CODE_SIGN_STYLE = Automatic;
				CURRENT_PROJECT_VERSION = 1;
				GENERATE_INFOPLIST_FILE = YES;
				INFOPLIST_KEY_CFBundleDisplayName = ProjectorUITests;
				MACOSX_DEPLOYMENT_TARGET = 14.0;
				PRODUCT_BUNDLE_IDENTIFIER = com.projector.uitests;
				PRODUCT_NAME = "$(TARGET_NAME)";
				SWIFT_VERSION = 5.0;
				TEST_TARGET_NAME = Projector;
			};
			name = Debug;
		};
		A1000001227D3F0000000050 /* Debug */ = {
			isa = XCBuildConfiguration;
			buildSettings = {
				ALWAYS_SEARCH_USER_PATHS = NO;
				ASSETCATALOG_COMPILER_GENERATE_SWIFT_ASSET_SYMBOL_EXTENSIONS = YES;
				CLANG_ANALYZER_NONNULL = YES;
				CLANG_ANALYZER_NUMBER_OBJECT_CONVERSION = YES_AGGRESSIVE;
				CLANG_CXX_LANGUAGE_STANDARD = "gnu++20";
				CLANG_ENABLE_MODULES = YES;
				CLANG_ENABLE_OBJC_ARC = YES;
				CLANG_ENABLE_OBJC_WEAK = YES;
				CLANG_WARN_BLOCK_CAPTURE_AUTORELEASING = YES;
				CLANG_WARN_BOOL_CONVERSION = YES;
				CLANG_WARN_COMMA = YES;
				CLANG_WARN_CONSTANT_CONVERSION = YES;
				CLANG_WARN_DEPRECATED_OBJC_IMPLEMENTATIONS = YES;
				CLANG_WARN_DIRECT_OBJC_ISA_USAGE = YES_ERROR;
				CLANG_WARN_DOCUMENTATION_COMMENTS = YES;
				CLANG_WARN_EMPTY_BODY = YES;
				CLANG_WARN_ENUM_CONVERSION = YES;
				CLANG_WARN_INFINITE_RECURSION = YES;
				CLANG_WARN_INT_CONVERSION = YES;
				CLANG_WARN_NON_LITERAL_NULL_CONVERSION = YES;
				CLANG_WARN_OBJC_IMPLICIT_RETAIN_SELF = YES;
				CLANG_WARN_OBJC_LITERAL_CONVERSION = YES;
				CLANG_WARN_OBJC_ROOT_CLASS = YES_ERROR;
				CLANG_WARN_QUOTED_INCLUDE_IN_FRAMEWORK_HEADER = YES;
				CLANG_WARN_RANGE_LOOP_ANALYSIS = YES;
				CLANG_WARN_STRICT_PROTOTYPES = YES;
				CLANG_WARN_SUSPICIOUS_MOVE = YES;
				CLANG_WARN_UNGUARDED_AVAILABILITY = YES_AGGRESSIVE;
				CLANG_WARN_UNREACHABLE_CODE = YES;
				CLANG_WARN__DUPLICATE_METHOD_MATCH = YES;
				COPY_PHASE_STRIP = NO;
				DEAD_CODE_STRIPPING = YES;
				DEBUG_INFORMATION_FORMAT = dwarf;
				ENABLE_STRICT_OBJC_MSGSEND = YES;
				ENABLE_TESTABILITY = YES;
				ENABLE_USER_SCRIPT_SANDBOXING = YES;
				GCC_C_LANGUAGE_STANDARD = gnu17;
				GCC_DYNAMIC_NO_PIC = NO;
				GCC_NO_COMMON_BLOCKS = YES;
				GCC_OPTIMIZATION_LEVEL = 0;
				GCC_PREPROCESSOR_DEFINITIONS = (
					"DEBUG=1",
					"$(inherited)",
				);
				GCC_WARN_64_TO_32_BIT_CONVERSION = YES;
				GCC_WARN_ABOUT_RETURN_TYPE = YES_ERROR;
				GCC_WARN_UNDECLARED_SELECTOR = YES;
				GCC_WARN_UNINITIALIZED_AUTOS = YES_AGGRESSIVE;
				GCC_WARN_UNUSED_FUNCTION = YES;
				GCC_WARN_UNUSED_VARIABLE = YES;
				LOCALIZATION_PREFERS_STRING_CATALOGS = YES;
				MACOSX_DEPLOYMENT_TARGET = 14.0;
				MTL_ENABLE_DEBUG_INFO = INCLUDE_SOURCE;
				MTL_FAST_MATH = YES;
				ONLY_ACTIVE_ARCH = YES;
				SDKROOT = macosx;
				STRING_CATALOG_GENERATE_SYMBOLS = YES;
				SWIFT_ACTIVE_COMPILATION_CONDITIONS = "DEBUG $(inherited)";
				SWIFT_OPTIMIZATION_LEVEL = "-Onone";
			};
			name = Debug;
		};
		A1000001227D3F0000000051 /* Release */ = {
			isa = XCBuildConfiguration;
			buildSettings = {
				ALWAYS_SEARCH_USER_PATHS = NO;
				ASSETCATALOG_COMPILER_GENERATE_SWIFT_ASSET_SYMBOL_EXTENSIONS = YES;
				CLANG_ANALYZER_NONNULL = YES;
				CLANG_ANALYZER_NUMBER_OBJECT_CONVERSION = YES_AGGRESSIVE;
				CLANG_CXX_LANGUAGE_STANDARD = "gnu++20";
				CLANG_ENABLE_MODULES = YES;
				CLANG_ENABLE_OBJC_ARC = YES;
				CLANG_ENABLE_OBJC_WEAK = YES;
				CLANG_WARN_BLOCK_CAPTURE_AUTORELEASING = YES;
				CLANG_WARN_BOOL_CONVERSION = YES;
				CLANG_WARN_COMMA = YES;
				CLANG_WARN_CONSTANT_CONVERSION = YES;
				CLANG_WARN_DEPRECATED_OBJC_IMPLEMENTATIONS = YES;
				CLANG_WARN_DIRECT_OBJC_ISA_USAGE = YES_ERROR;
				CLANG_WARN_DOCUMENTATION_COMMENTS = YES;
				CLANG_WARN_EMPTY_BODY = YES;
				CLANG_WARN_ENUM_CONVERSION = YES;
				CLANG_WARN_INFINITE_RECURSION = YES;
				CLANG_WARN_INT_CONVERSION = YES;
				CLANG_WARN_NON_LITERAL_NULL_CONVERSION = YES;
				CLANG_WARN_OBJC_IMPLICIT_RETAIN_SELF = YES;
				CLANG_WARN_OBJC_LITERAL_CONVERSION = YES;
				CLANG_WARN_OBJC_ROOT_CLASS = YES_ERROR;
				CLANG_WARN_QUOTED_INCLUDE_IN_FRAMEWORK_HEADER = YES;
				CLANG_WARN_RANGE_LOOP_ANALYSIS = YES;
				CLANG_WARN_STRICT_PROTOTYPES = YES;
				CLANG_WARN_SUSPICIOUS_MOVE = YES;
				CLANG_WARN_UNGUARDED_AVAILABILITY = YES_AGGRESSIVE;
				CLANG_WARN_UNREACHABLE_CODE = YES;
				CLANG_WARN__DUPLICATE_METHOD_MATCH = YES;
				COPY_PHASE_STRIP = NO;
				DEAD_CODE_STRIPPING = YES;
				DEBUG_INFORMATION_FORMAT = "dwarf-with-dsym";
				ENABLE_NS_ASSERTIONS = NO;
				ENABLE_STRICT_OBJC_MSGSEND = YES;
				ENABLE_USER_SCRIPT_SANDBOXING = YES;
				GCC_C_LANGUAGE_STANDARD = gnu17;
				GCC_NO_COMMON_BLOCKS = YES;
				GCC_WARN_64_TO_32_BIT_CONVERSION = YES;
				GCC_WARN_ABOUT_RETURN_TYPE = YES_ERROR;
				GCC_WARN_UNDECLARED_SELECTOR = YES;
				GCC_WARN_UNINITIALIZED_AUTOS = YES_AGGRESSIVE;
				GCC_WARN_UNUSED_FUNCTION = YES;
				GCC_WARN_UNUSED_VARIABLE = YES;
				LOCALIZATION_PREFERS_STRING_CATALOGS = YES;
				MACOSX_DEPLOYMENT_TARGET = 14.0;
				MTL_ENABLE_DEBUG_INFO = NO;
				MTL_FAST_MATH = YES;
				SDKROOT = macosx;
				STRING_CATALOG_GENERATE_SYMBOLS = YES;
				SWIFT_COMPILATION_MODE = wholemodule;
			};
			name = Release;
		};
		A1000001227D3F0000000052 /* Debug */ = {
			isa = XCBuildConfiguration;
			buildSettings = {
				ASSETCATALOG_COMPILER_APPICON_NAME = AppIcon;
				CODE_SIGN_ENTITLEMENTS = Projector/Projector.entitlements;
				CODE_SIGN_STYLE = Automatic;
				COMBINE_HIDPI_IMAGES = YES;
				CURRENT_PROJECT_VERSION = 1;
				DEAD_CODE_STRIPPING = YES;
				DEVELOPMENT_TEAM = "";
				ENABLE_APP_SANDBOX = YES;
				ENABLE_HARDENED_RUNTIME = YES;
				ENABLE_USER_SELECTED_FILES = readonly;
				GENERATE_INFOPLIST_FILE = YES;
				INFOPLIST_FILE = Projector/Info.plist;
				INFOPLIST_KEY_CFBundleDisplayName = Projector;
				INFOPLIST_KEY_LSApplicationCategoryType = "public.app-category.video";
				INFOPLIST_KEY_NSHumanReadableCopyright = "";
				LD_RUNPATH_SEARCH_PATHS = (
					"$(inherited)",
					"@executable_path/../Frameworks",
				);
				MARKETING_VERSION = 1.0;
				PRODUCT_BUNDLE_IDENTIFIER = com.projector.app;
				PRODUCT_NAME = "$(TARGET_NAME)";
				SWIFT_EMIT_LOC_STRINGS = YES;
				SWIFT_VERSION = 5.0;
			};
			name = Debug;
		};
		A1000001227D3F0000000053 /* Release */ = {
			isa = XCBuildConfiguration;
			buildSettings = {
				ASSETCATALOG_COMPILER_APPICON_NAME = AppIcon;
				CODE_SIGN_ENTITLEMENTS = Projector/Projector.entitlements;
				CODE_SIGN_STYLE = Automatic;
				COMBINE_HIDPI_IMAGES = YES;
				CURRENT_PROJECT_VERSION = 1;
				DEAD_CODE_STRIPPING = YES;
				DEVELOPMENT_TEAM = "";
				ENABLE_APP_SANDBOX = YES;
				ENABLE_HARDENED_RUNTIME = YES;
				ENABLE_USER_SELECTED_FILES = readonly;
				GENERATE_INFOPLIST_FILE = YES;
				INFOPLIST_FILE = Projector/Info.plist;
				INFOPLIST_KEY_CFBundleDisplayName = Projector;
				INFOPLIST_KEY_LSApplicationCategoryType = "public.app-category.video";
				INFOPLIST_KEY_NSHumanReadableCopyright = "";
				LD_RUNPATH_SEARCH_PATHS = (
					"$(inherited)",
					"@executable_path/../Frameworks",
				);
				MARKETING_VERSION = 1.0;
				PRODUCT_BUNDLE_IDENTIFIER = com.projector.app;
				PRODUCT_NAME = "$(TARGET_NAME)";
				SWIFT_EMIT_LOC_STRINGS = YES;
				SWIFT_VERSION = 5.0;
			};
			name = Release;
		};
		B149C5542F0722DB001F9C85 /* Debug */ = {
			isa = XCBuildConfiguration;
			buildSettings = {
				CODE_SIGN_STYLE = Automatic;
				CURRENT_PROJECT_VERSION = 1;
				DEVELOPMENT_TEAM = "";
				ENABLE_APP_SANDBOX = YES;
				ENABLE_USER_SELECTED_FILES = readonly;
				GENERATE_INFOPLIST_FILE = YES;
				INFOPLIST_FILE = ProjectorQuickLook/Info.plist;
				INFOPLIST_KEY_CFBundleDisplayName = ProjectorQuickLook;
				INFOPLIST_KEY_NSHumanReadableCopyright = "";
				LD_RUNPATH_SEARCH_PATHS = (
					"$(inherited)",
					"@executable_path/../Frameworks",
					"@executable_path/../../../../Frameworks",
				);
				MACOSX_DEPLOYMENT_TARGET = 26.2;
				MARKETING_VERSION = 1.0;
				PRODUCT_BUNDLE_IDENTIFIER = com.projector.app.ProjectorQuickLook;
				PRODUCT_NAME = "$(TARGET_NAME)";
				SKIP_INSTALL = YES;
				STRING_CATALOG_GENERATE_SYMBOLS = YES;
				SWIFT_APPROACHABLE_CONCURRENCY = YES;
				SWIFT_EMIT_LOC_STRINGS = YES;
				SWIFT_UPCOMING_FEATURE_MEMBER_IMPORT_VISIBILITY = YES;
				SWIFT_VERSION = 5.0;
			};
			name = Debug;
		};
		B149C5552F0722DB001F9C85 /* Release */ = {
			isa = XCBuildConfiguration;
			buildSettings = {
				CODE_SIGN_STYLE = Automatic;
				CURRENT_PROJECT_VERSION = 1;
				DEVELOPMENT_TEAM = "";
				ENABLE_APP_SANDBOX = YES;
				ENABLE_USER_SELECTED_FILES = readonly;
				GENERATE_INFOPLIST_FILE = YES;
				INFOPLIST_FILE = ProjectorQuickLook/Info.plist;
				INFOPLIST_KEY_CFBundleDisplayName = ProjectorQuickLook;
				INFOPLIST_KEY_NSHumanReadableCopyright = "";
				LD_RUNPATH_SEARCH_PATHS = (
					"$(inherited)",
					"@executable_path/../Frameworks",
					"@executable_path/../../../../Frameworks",
				);
				MACOSX_DEPLOYMENT_TARGET = 26.2;
				MARKETING_VERSION = 1.0;
				PRODUCT_BUNDLE_IDENTIFIER = com.projector.app.ProjectorQuickLook;
				PRODUCT_NAME = "$(TARGET_NAME)";
				SKIP_INSTALL = YES;
				STRING_CATALOG_GENERATE_SYMBOLS = YES;
				SWIFT_APPROACHABLE_CONCURRENCY = YES;
				SWIFT_EMIT_LOC_STRINGS = YES;
				SWIFT_UPCOMING_FEATURE_MEMBER_IMPORT_VISIBILITY = YES;
				SWIFT_VERSION = 5.0;
			};
			name = Release;
		};
		BE354928DDD8476228FFD6D0 /* Debug */ = {
			isa = XCBuildConfiguration;
			buildSettings = {
				BUNDLE_LOADER = "$(TEST_HOST)";
				CODE_SIGN_STYLE = Automatic;
				CURRENT_PROJECT_VERSION = 1;
				GENERATE_INFOPLIST_FILE = YES;
				INFOPLIST_KEY_CFBundleDisplayName = ProjectorTests;
				LD_RUNPATH_SEARCH_PATHS = (
					"$(inherited)",
					"@executable_path/../Frameworks",
					"@loader_path/../Frameworks",
				);
				MACOSX_DEPLOYMENT_TARGET = 14.0;
				PRODUCT_BUNDLE_IDENTIFIER = com.projector.tests;
				PRODUCT_NAME = "$(TARGET_NAME)";
				SWIFT_VERSION = 5.0;
				TEST_HOST = "$(BUILT_PRODUCTS_DIR)/Projector.app/Contents/MacOS/Projector";
			};
			name = Debug;
		};
		C9A19916D0F476372EAD0000 /* Release */ = {
			isa = XCBuildConfiguration;
			buildSettings = {
				BUNDLE_LOADER = "$(TEST_HOST)";
				CODE_SIGN_STYLE = Automatic;
				CURRENT_PROJECT_VERSION = 1;
				GENERATE_INFOPLIST_FILE = YES;
				INFOPLIST_KEY_CFBundleDisplayName = ProjectorTests;
				LD_RUNPATH_SEARCH_PATHS = (
					"$(inherited)",
					"@executable_path/../Frameworks",
					"@loader_path/../Frameworks",
				);
				MACOSX_DEPLOYMENT_TARGET = 14.0;
				PRODUCT_BUNDLE_IDENTIFIER = com.projector.tests;
				PRODUCT_NAME = "$(TARGET_NAME)";
				SWIFT_VERSION = 5.0;
				TEST_HOST = "$(BUILT_PRODUCTS_DIR)/Projector.app/Contents/MacOS/Projector";
			};
			name = Release;
		};
/* End XCBuildConfiguration section */

/* Begin XCConfigurationList section */
		045B9E588EC46174FD6108B9 /* Build configuration list for PBXNativeTarget "ProjectorUITests" */ = {
			isa = XCConfigurationList;
			buildConfigurations = (
				3839275C412797A8EF397DF6 /* Debug */,
				0AA084425B3DD70A64358E9D /* Release */,
			);
			defaultConfigurationIsVisible = 0;
			defaultConfigurationName = Release;
		};
		2E1D5377C527E6F68674B0DF /* Build configuration list for PBXNativeTarget "ProjectorTests" */ = {
			isa = XCConfigurationList;
			buildConfigurations = (
				BE354928DDD8476228FFD6D0 /* Debug */,
				C9A19916D0F476372EAD0000 /* Release */,
			);
			defaultConfigurationIsVisible = 0;
			defaultConfigurationName = Release;
		};
		A1000001227D3F0000000004 /* Build configuration list for PBXProject "Projector" */ = {
			isa = XCConfigurationList;
			buildConfigurations = (
				A1000001227D3F0000000050 /* Debug */,
				A1000001227D3F0000000051 /* Release */,
			);
			defaultConfigurationIsVisible = 0;
			defaultConfigurationName = Release;
		};
		A1000001227D3F0000000040 /* Build configuration list for PBXNativeTarget "Projector" */ = {
			isa = XCConfigurationList;
			buildConfigurations = (
				A1000001227D3F0000000052 /* Debug */,
				A1000001227D3F0000000053 /* Release */,
			);
			defaultConfigurationIsVisible = 0;
			defaultConfigurationName = Release;
		};
		B149C5572F0722DB001F9C85 /* Build configuration list for PBXNativeTarget "ProjectorQuickLook" */ = {
			isa = XCConfigurationList;
			buildConfigurations = (
				B149C5542F0722DB001F9C85 /* Debug */,
				B149C5552F0722DB001F9C85 /* Release */,
			);
			defaultConfigurationIsVisible = 0;
			defaultConfigurationName = Release;
		};
/* End XCConfigurationList section */

/* Begin XCRemoteSwiftPackageReference section */
		A1000001227D3F000000005D /* XCRemoteSwiftPackageReference "MIDIKit" */ = {
			isa = XCRemoteSwiftPackageReference;
			repositoryURL = "https://github.com/orchetect/MIDIKit";
			requirement = {
				kind = upToNextMajorVersion;
				minimumVersion = 0.10.0;
			};
		};
		A1000001227D3F000000005E /* XCRemoteSwiftPackageReference "swift-timecode" */ = {
			isa = XCRemoteSwiftPackageReference;
			repositoryURL = "https://github.com/orchetect/swift-timecode";
			requirement = {
				kind = upToNextMajorVersion;
				minimumVersion = 3.0.0;
			};
		};
		B1ICONOIR000000003 /* XCRemoteSwiftPackageReference "iconoir-swift" */ = {
			isa = XCRemoteSwiftPackageReference;
			repositoryURL = "https://github.com/iconoir-icons/iconoir-swift";
			requirement = {
				kind = upToNextMajorVersion;
				minimumVersion = 7.0.0;
			};
		};
		C1WAVEFORM000001 /* XCRemoteSwiftPackageReference "DSWaveformImage" */ = {
			isa = XCRemoteSwiftPackageReference;
			repositoryURL = "https://github.com/dmrschmidt/DSWaveformImage";
			requirement = {
				kind = upToNextMajorVersion;
				minimumVersion = 14.0.0;
			};
		};
/* End XCRemoteSwiftPackageReference section */

/* Begin XCSwiftPackageProductDependency section */
		A1000001227D3F000000005F /* MIDIKitIO */ = {
			isa = XCSwiftPackageProductDependency;
			package = A1000001227D3F000000005D /* XCRemoteSwiftPackageReference "MIDIKit" */;
			productName = MIDIKitIO;
		};
		A1000001227D3F0000000061 /* MIDIKitSync */ = {
			isa = XCSwiftPackageProductDependency;
			package = A1000001227D3F000000005D /* XCRemoteSwiftPackageReference "MIDIKit" */;
			productName = MIDIKitSync;
		};
		A1000001227D3F0000000063 /* SwiftTimecodeCore */ = {
			isa = XCSwiftPackageProductDependency;
			package = A1000001227D3F000000005E /* XCRemoteSwiftPackageReference "swift-timecode" */;
			productName = SwiftTimecodeCore;
		};
		A1000001227D3F0000000065 /* SwiftTimecodeAV */ = {
			isa = XCSwiftPackageProductDependency;
			package = A1000001227D3F000000005E /* XCRemoteSwiftPackageReference "swift-timecode" */;
			productName = SwiftTimecodeAV;
		};
		A1000001227D3F0000000067 /* SwiftTimecodeUI */ = {
			isa = XCSwiftPackageProductDependency;
			package = A1000001227D3F000000005E /* XCRemoteSwiftPackageReference "swift-timecode" */;
			productName = SwiftTimecodeUI;
		};
		B1ICONOIR000000002 /* Iconoir */ = {
			isa = XCSwiftPackageProductDependency;
			package = B1ICONOIR000000003 /* XCRemoteSwiftPackageReference "iconoir-swift" */;
			productName = Iconoir;
		};
		C1WAVEFORM000002 /* DSWaveformImageViews */ = {
			isa = XCSwiftPackageProductDependency;
			package = C1WAVEFORM000001 /* XCRemoteSwiftPackageReference "DSWaveformImage" */;
			productName = DSWaveformImageViews;
		};
		C1WAVEFORM000004 /* DSWaveformImage */ = {
			isa = XCSwiftPackageProductDependency;
			package = C1WAVEFORM000001 /* XCRemoteSwiftPackageReference "DSWaveformImage" */;
			productName = DSWaveformImage;
		};
/* End XCSwiftPackageProductDependency section */
	};
	rootObject = A1000001227D3F0000000001 /* Project object */;
}
