// !$*UTF8*$!
{
	archiveVersion = 1;
	classes = {
	};
	objectVersion = 56;
	objects = {

/* Begin PBXBuildFile section */
		A1000001227D3F0000000060 /* MIDIKitIO in Frameworks */ = {isa = PBXBuildFile; productRef = A1000001227D3F000000005F /* MIDIKitIO */; };
		A1000001227D3F0000000062 /* MIDIKitSync in Frameworks */ = {isa = PBXBuildFile; productRef = A1000001227D3F0000000061 /* MIDIKitSync */; };
		A1000001227D3F0000000064 /* SwiftTimecodeCore in Frameworks */ = {isa = PBXBuildFile; productRef = A1000001227D3F0000000063 /* SwiftTimecodeCore */; };
		A1000001227D3F0000000066 /* SwiftTimecodeAV in Frameworks */ = {isa = PBXBuildFile; productRef = A1000001227D3F0000000065 /* SwiftTimecodeAV */; };
		A1000001227D3F0000000068 /* SwiftTimecodeUI in Frameworks */ = {isa = PBXBuildFile; productRef = A1000001227D3F0000000067 /* SwiftTimecodeUI */; };
		A1000001227D3F0000000070 /* MIDIManager.swift in Sources */ = {isa = PBXBuildFile; fileRef = A1000001227D3F000000006F /* MIDIManager.swift */; };
		A1000001227D3F0000000072 /* AudioOutputManager.swift in Sources */ = {isa = PBXBuildFile; fileRef = A1000001227D3F0000000071 /* AudioOutputManager.swift */; };
		A1000001227D3F0000000074 /* SettingsView.swift in Sources */ = {isa = PBXBuildFile; fileRef = A1000001227D3F0000000073 /* SettingsView.swift */; };
		A1000001227D3F0000000076 /* AppSettings.swift in Sources */ = {isa = PBXBuildFile; fileRef = A1000001227D3F0000000075 /* AppSettings.swift */; };
		A1000001227D3F00000000B1 /* ProjectorApp.swift in Sources */ = {isa = PBXBuildFile; fileRef = A1000001227D3F0000000011 /* ProjectorApp.swift */; };
		A1000001227D3F00000000B2 /* ContentView.swift in Sources */ = {isa = PBXBuildFile; fileRef = A1000001227D3F0000000012 /* ContentView.swift */; };
		A1000001227D3F00000000B3 /* VideoPlayerView.swift in Sources */ = {isa = PBXBuildFile; fileRef = A1000001227D3F0000000013 /* VideoPlayerView.swift */; };
		A1000001227D3F00000000B4 /* TransportBarView.swift in Sources */ = {isa = PBXBuildFile; fileRef = A1000001227D3F0000000014 /* TransportBarView.swift */; };
		A1000001227D3F00000000B5 /* VideoPlayerManager.swift in Sources */ = {isa = PBXBuildFile; fileRef = A1000001227D3F0000000015 /* VideoPlayerManager.swift */; };
		A1000001227D3F00000000B8 /* Assets.xcassets in Resources */ = {isa = PBXBuildFile; fileRef = A1000001227D3F0000000018 /* Assets.xcassets */; };
		A1000001227D3F00000000BA /* VideoDocument.swift in Sources */ = {isa = PBXBuildFile; fileRef = A1000001227D3F000000001C /* VideoDocument.swift */; };
		A1000001227D3F00000000C1 /* AudioTrackInfo.swift in Sources */ = {isa = PBXBuildFile; fileRef = A1000001227D3F0000000081 /* AudioTrackInfo.swift */; };
		A1000001227D3F00000000C2 /* WaveformData.swift in Sources */ = {isa = PBXBuildFile; fileRef = A1000001227D3F0000000082 /* WaveformData.swift */; };
		A1000001227D3F00000000C3 /* WaveformGenerator.swift in Sources */ = {isa = PBXBuildFile; fileRef = A1000001227D3F0000000083 /* WaveformGenerator.swift */; };
		A1000001227D3F00000000C4 /* ScrubberView.swift in Sources */ = {isa = PBXBuildFile; fileRef = A1000001227D3F0000000084 /* ScrubberView.swift */; };
		A1000001227D3F00000000C5 /* TimelineRulerView.swift in Sources */ = {isa = PBXBuildFile; fileRef = A1000001227D3F0000000085 /* TimelineRulerView.swift */; };
		A1000001227D3F00000000C6 /* TimelineView.swift in Sources */ = {isa = PBXBuildFile; fileRef = A1000001227D3F0000000086 /* TimelineView.swift */; };
		A1000001227D3F00000000C7 /* WaveformShape.swift in Sources */ = {isa = PBXBuildFile; fileRef = A1000001227D3F0000000087 /* WaveformShape.swift */; };
		A1000001227D3F00000000C8 /* AudioTrackWaveformView.swift in Sources */ = {isa = PBXBuildFile; fileRef = A1000001227D3F0000000088 /* AudioTrackWaveformView.swift */; };
		A1000001227D3F00000000C9 /* TimecodeOCRManager.swift in Sources */ = {isa = PBXBuildFile; fileRef = A1000001227D3F0000000090 /* TimecodeOCRManager.swift */; };
/* End PBXBuildFile section */

/* Begin PBXFileReference section */
		A1000001227D3F0000000010 /* Projector.app */ = {isa = PBXFileReference; explicitFileType = wrapper.application; includeInIndex = 0; path = Projector.app; sourceTree = BUILT_PRODUCTS_DIR; };
		A1000001227D3F0000000011 /* ProjectorApp.swift */ = {isa = PBXFileReference; lastKnownFileType = sourcecode.swift; path = ProjectorApp.swift; sourceTree = "<group>"; };
		A1000001227D3F0000000012 /* ContentView.swift */ = {isa = PBXFileReference; lastKnownFileType = sourcecode.swift; path = ContentView.swift; sourceTree = "<group>"; };
		A1000001227D3F0000000013 /* VideoPlayerView.swift */ = {isa = PBXFileReference; lastKnownFileType = sourcecode.swift; path = VideoPlayerView.swift; sourceTree = "<group>"; };
		A1000001227D3F0000000014 /* TransportBarView.swift */ = {isa = PBXFileReference; lastKnownFileType = sourcecode.swift; path = TransportBarView.swift; sourceTree = "<group>"; };
		A1000001227D3F0000000015 /* VideoPlayerManager.swift */ = {isa = PBXFileReference; lastKnownFileType = sourcecode.swift; path = VideoPlayerManager.swift; sourceTree = "<group>"; };
		A1000001227D3F0000000018 /* Assets.xcassets */ = {isa = PBXFileReference; lastKnownFileType = folder.assetcatalog; path = Assets.xcassets; sourceTree = "<group>"; };
		A1000001227D3F0000000019 /* Info.plist */ = {isa = PBXFileReference; lastKnownFileType = text.plist.xml; path = Info.plist; sourceTree = "<group>"; };
		A1000001227D3F000000001A /* Projector.entitlements */ = {isa = PBXFileReference; lastKnownFileType = text.plist.entitlements; path = Projector.entitlements; sourceTree = "<group>"; };
		A1000001227D3F000000001C /* VideoDocument.swift */ = {isa = PBXFileReference; lastKnownFileType = sourcecode.swift; path = VideoDocument.swift; sourceTree = "<group>"; };
		A1000001227D3F000000006F /* MIDIManager.swift */ = {isa = PBXFileReference; lastKnownFileType = sourcecode.swift; path = MIDIManager.swift; sourceTree = "<group>"; };
		A1000001227D3F0000000071 /* AudioOutputManager.swift */ = {isa = PBXFileReference; lastKnownFileType = sourcecode.swift; path = AudioOutputManager.swift; sourceTree = "<group>"; };
		A1000001227D3F0000000073 /* SettingsView.swift */ = {isa = PBXFileReference; lastKnownFileType = sourcecode.swift; path = SettingsView.swift; sourceTree = "<group>"; };
		A1000001227D3F0000000075 /* AppSettings.swift */ = {isa = PBXFileReference; lastKnownFileType = sourcecode.swift; path = AppSettings.swift; sourceTree = "<group>"; };
		A1000001227D3F0000000081 /* AudioTrackInfo.swift */ = {isa = PBXFileReference; lastKnownFileType = sourcecode.swift; path = AudioTrackInfo.swift; sourceTree = "<group>"; };
		A1000001227D3F0000000082 /* WaveformData.swift */ = {isa = PBXFileReference; lastKnownFileType = sourcecode.swift; path = WaveformData.swift; sourceTree = "<group>"; };
		A1000001227D3F0000000083 /* WaveformGenerator.swift */ = {isa = PBXFileReference; lastKnownFileType = sourcecode.swift; path = WaveformGenerator.swift; sourceTree = "<group>"; };
		A1000001227D3F0000000084 /* ScrubberView.swift */ = {isa = PBXFileReference; lastKnownFileType = sourcecode.swift; path = ScrubberView.swift; sourceTree = "<group>"; };
		A1000001227D3F0000000085 /* TimelineRulerView.swift */ = {isa = PBXFileReference; lastKnownFileType = sourcecode.swift; path = TimelineRulerView.swift; sourceTree = "<group>"; };
		A1000001227D3F0000000086 /* TimelineView.swift */ = {isa = PBXFileReference; lastKnownFileType = sourcecode.swift; path = TimelineView.swift; sourceTree = "<group>"; };
		A1000001227D3F0000000087 /* WaveformShape.swift */ = {isa = PBXFileReference; lastKnownFileType = sourcecode.swift; path = WaveformShape.swift; sourceTree = "<group>"; };
		A1000001227D3F0000000088 /* AudioTrackWaveformView.swift */ = {isa = PBXFileReference; lastKnownFileType = sourcecode.swift; path = AudioTrackWaveformView.swift; sourceTree = "<group>"; };
		A1000001227D3F0000000090 /* TimecodeOCRManager.swift */ = {isa = PBXFileReference; lastKnownFileType = sourcecode.swift; path = TimecodeOCRManager.swift; sourceTree = "<group>"; };
/* End PBXFileReference section */

/* Begin PBXFrameworksBuildPhase section */
		A1000001227D3F000000000D /* Frameworks */ = {
			isa = PBXFrameworksBuildPhase;
			buildActionMask = 2147483647;
			files = (
				A1000001227D3F0000000060 /* MIDIKitIO in Frameworks */,
				A1000001227D3F0000000062 /* MIDIKitSync in Frameworks */,
				A1000001227D3F0000000064 /* SwiftTimecodeCore in Frameworks */,
				A1000001227D3F0000000066 /* SwiftTimecodeAV in Frameworks */,
				A1000001227D3F0000000068 /* SwiftTimecodeUI in Frameworks */,
			);
			runOnlyForDeploymentPostprocessing = 0;
		};
/* End PBXFrameworksBuildPhase section */

/* Begin PBXGroup section */
		A1000001227D3F0000000020 = {
			isa = PBXGroup;
			children = (
				A1000001227D3F0000000021 /* Projector */,
				A1000001227D3F000000002F /* Products */,
			);
			sourceTree = "<group>";
		};
		A1000001227D3F0000000021 /* Projector */ = {
			isa = PBXGroup;
			children = (
				A1000001227D3F0000000011 /* ProjectorApp.swift */,
				A1000001227D3F0000000022 /* Models */,
				A1000001227D3F0000000023 /* Managers */,
				A1000001227D3F0000000024 /* Views */,
				A1000001227D3F0000000026 /* Resources */,
				A1000001227D3F0000000019 /* Info.plist */,
				A1000001227D3F000000001A /* Projector.entitlements */,
			);
			path = Projector;
			sourceTree = "<group>";
		};
		A1000001227D3F0000000022 /* Models */ = {
			isa = PBXGroup;
			children = (
				A1000001227D3F000000001C /* VideoDocument.swift */,
				A1000001227D3F0000000075 /* AppSettings.swift */,
				A1000001227D3F0000000081 /* AudioTrackInfo.swift */,
				A1000001227D3F0000000082 /* WaveformData.swift */,
			);
			path = Models;
			sourceTree = "<group>";
		};
		A1000001227D3F0000000023 /* Managers */ = {
			isa = PBXGroup;
			children = (
				A1000001227D3F0000000015 /* VideoPlayerManager.swift */,
				A1000001227D3F000000006F /* MIDIManager.swift */,
				A1000001227D3F0000000071 /* AudioOutputManager.swift */,
				A1000001227D3F0000000083 /* WaveformGenerator.swift */,
				A1000001227D3F0000000090 /* TimecodeOCRManager.swift */,
			);
			path = Managers;
			sourceTree = "<group>";
		};
		A1000001227D3F0000000024 /* Views */ = {
			isa = PBXGroup;
			children = (
				A1000001227D3F0000000012 /* ContentView.swift */,
				A1000001227D3F0000000013 /* VideoPlayerView.swift */,
				A1000001227D3F0000000014 /* TransportBarView.swift */,
				A1000001227D3F0000000073 /* SettingsView.swift */,
				A1000001227D3F0000000089 /* Timeline */,
			);
			path = Views;
			sourceTree = "<group>";
		};
		A1000001227D3F0000000089 /* Timeline */ = {
			isa = PBXGroup;
			children = (
				A1000001227D3F0000000084 /* ScrubberView.swift */,
				A1000001227D3F0000000085 /* TimelineRulerView.swift */,
				A1000001227D3F0000000086 /* TimelineView.swift */,
				A1000001227D3F0000000087 /* WaveformShape.swift */,
				A1000001227D3F0000000088 /* AudioTrackWaveformView.swift */,
			);
			path = Timeline;
			sourceTree = "<group>";
		};
		A1000001227D3F0000000026 /* Resources */ = {
			isa = PBXGroup;
			children = (
				A1000001227D3F0000000018 /* Assets.xcassets */,
			);
			path = Resources;
			sourceTree = "<group>";
		};
		A1000001227D3F000000002F /* Products */ = {
			isa = PBXGroup;
			children = (
				A1000001227D3F0000000010 /* Projector.app */,
			);
			name = Products;
			sourceTree = "<group>";
		};
/* End PBXGroup section */

/* Begin PBXNativeTarget section */
		A1000001227D3F000000000F /* Projector */ = {
			isa = PBXNativeTarget;
			buildConfigurationList = A1000001227D3F0000000040 /* Build configuration list for PBXNativeTarget "Projector" */;
			buildPhases = (
				A1000001227D3F000000000C /* Sources */,
				A1000001227D3F000000000D /* Frameworks */,
				A1000001227D3F000000000E /* Resources */,
			);
			buildRules = (
			);
			dependencies = (
			);
			name = Projector;
			packageProductDependencies = (
				A1000001227D3F000000005F /* MIDIKitIO */,
				A1000001227D3F0000000061 /* MIDIKitSync */,
				A1000001227D3F0000000063 /* SwiftTimecodeCore */,
				A1000001227D3F0000000065 /* SwiftTimecodeAV */,
				A1000001227D3F0000000067 /* SwiftTimecodeUI */,
			);
			productName = Projector;
			productReference = A1000001227D3F0000000010 /* Projector.app */;
			productType = "com.apple.product-type.application";
		};
/* End PBXNativeTarget section */

/* Begin PBXProject section */
		A1000001227D3F0000000001 /* Project object */ = {
			isa = PBXProject;
			attributes = {
				BuildIndependentTargetsInParallel = 1;
				LastSwiftUpdateCheck = 1600;
				LastUpgradeCheck = 2620;
				TargetAttributes = {
					A1000001227D3F000000000F = {
						CreatedOnToolsVersion = 16.0;
					};
				};
			};
			buildConfigurationList = A1000001227D3F0000000004 /* Build configuration list for PBXProject "Projector" */;
			compatibilityVersion = "Xcode 14.0";
			developmentRegion = en;
			hasScannedForEncodings = 0;
			knownRegions = (
				en,
				Base,
			);
			mainGroup = A1000001227D3F0000000020;
			packageReferences = (
				A1000001227D3F000000005D /* XCRemoteSwiftPackageReference "MIDIKit" */,
				A1000001227D3F000000005E /* XCRemoteSwiftPackageReference "swift-timecode" */,
			);
			productRefGroup = A1000001227D3F000000002F /* Products */;
			projectDirPath = "";
			projectRoot = "";
			targets = (
				A1000001227D3F000000000F /* Projector */,
			);
		};
/* End PBXProject section */

/* Begin PBXResourcesBuildPhase section */
		A1000001227D3F000000000E /* Resources */ = {
			isa = PBXResourcesBuildPhase;
			buildActionMask = 2147483647;
			files = (
				A1000001227D3F00000000B8 /* Assets.xcassets in Resources */,
			);
			runOnlyForDeploymentPostprocessing = 0;
		};
/* End PBXResourcesBuildPhase section */

/* Begin PBXSourcesBuildPhase section */
		A1000001227D3F000000000C /* Sources */ = {
			isa = PBXSourcesBuildPhase;
			buildActionMask = 2147483647;
			files = (
				A1000001227D3F00000000B1 /* ProjectorApp.swift in Sources */,
				A1000001227D3F00000000B2 /* ContentView.swift in Sources */,
				A1000001227D3F00000000B3 /* VideoPlayerView.swift in Sources */,
				A1000001227D3F00000000B4 /* TransportBarView.swift in Sources */,
				A1000001227D3F00000000B5 /* VideoPlayerManager.swift in Sources */,
				A1000001227D3F00000000BA /* VideoDocument.swift in Sources */,
				A1000001227D3F0000000070 /* MIDIManager.swift in Sources */,
				A1000001227D3F0000000072 /* AudioOutputManager.swift in Sources */,
				A1000001227D3F0000000074 /* SettingsView.swift in Sources */,
				A1000001227D3F0000000076 /* AppSettings.swift in Sources */,
				A1000001227D3F00000000C1 /* AudioTrackInfo.swift in Sources */,
				A1000001227D3F00000000C2 /* WaveformData.swift in Sources */,
				A1000001227D3F00000000C3 /* WaveformGenerator.swift in Sources */,
				A1000001227D3F00000000C4 /* ScrubberView.swift in Sources */,
				A1000001227D3F00000000C5 /* TimelineRulerView.swift in Sources */,
				A1000001227D3F00000000C6 /* TimelineView.swift in Sources */,
				A1000001227D3F00000000C7 /* WaveformShape.swift in Sources */,
				A1000001227D3F00000000C8 /* AudioTrackWaveformView.swift in Sources */,
				A1000001227D3F00000000C9 /* TimecodeOCRManager.swift in Sources */,
			);
			runOnlyForDeploymentPostprocessing = 0;
		};
/* End PBXSourcesBuildPhase section */

/* Begin XCBuildConfiguration section */
		A1000001227D3F0000000050 /* Debug */ = {
			isa = XCBuildConfiguration;
			buildSettings = {
				ALWAYS_SEARCH_USER_PATHS = NO;
				ASSETCATALOG_COMPILER_GENERATE_SWIFT_ASSET_SYMBOL_EXTENSIONS = YES;
				CLANG_ANALYZER_NONNULL = YES;
				CLANG_ANALYZER_NUMBER_OBJECT_CONVERSION = YES_AGGRESSIVE;
				CLANG_CXX_LANGUAGE_STANDARD = "gnu++20";
				CLANG_ENABLE_MODULES = YES;
				CLANG_ENABLE_OBJC_ARC = YES;
				CLANG_ENABLE_OBJC_WEAK = YES;
				CLANG_WARN_BLOCK_CAPTURE_AUTORELEASING = YES;
				CLANG_WARN_BOOL_CONVERSION = YES;
				CLANG_WARN_COMMA = YES;
				CLANG_WARN_CONSTANT_CONVERSION = YES;
				CLANG_WARN_DEPRECATED_OBJC_IMPLEMENTATIONS = YES;
				CLANG_WARN_DIRECT_OBJC_ISA_USAGE = YES_ERROR;
				CLANG_WARN_DOCUMENTATION_COMMENTS = YES;
				CLANG_WARN_EMPTY_BODY = YES;
				CLANG_WARN_ENUM_CONVERSION = YES;
				CLANG_WARN_INFINITE_RECURSION = YES;
				CLANG_WARN_INT_CONVERSION = YES;
				CLANG_WARN_NON_LITERAL_NULL_CONVERSION = YES;
				CLANG_WARN_OBJC_IMPLICIT_RETAIN_SELF = YES;
				CLANG_WARN_OBJC_LITERAL_CONVERSION = YES;
				CLANG_WARN_OBJC_ROOT_CLASS = YES_ERROR;
				CLANG_WARN_QUOTED_INCLUDE_IN_FRAMEWORK_HEADER = YES;
				CLANG_WARN_RANGE_LOOP_ANALYSIS = YES;
				CLANG_WARN_STRICT_PROTOTYPES = YES;
				CLANG_WARN_SUSPICIOUS_MOVE = YES;
				CLANG_WARN_UNGUARDED_AVAILABILITY = YES_AGGRESSIVE;
				CLANG_WARN_UNREACHABLE_CODE = YES;
				CLANG_WARN__DUPLICATE_METHOD_MATCH = YES;
				COPY_PHASE_STRIP = NO;
				DEAD_CODE_STRIPPING = YES;
				DEBUG_INFORMATION_FORMAT = dwarf;
				ENABLE_STRICT_OBJC_MSGSEND = YES;
				ENABLE_TESTABILITY = YES;
				ENABLE_USER_SCRIPT_SANDBOXING = YES;
				GCC_C_LANGUAGE_STANDARD = gnu17;
				GCC_DYNAMIC_NO_PIC = NO;
				GCC_NO_COMMON_BLOCKS = YES;
				GCC_OPTIMIZATION_LEVEL = 0;
				GCC_PREPROCESSOR_DEFINITIONS = (
					"DEBUG=1",
					"$(inherited)",
				);
				GCC_WARN_64_TO_32_BIT_CONVERSION = YES;
				GCC_WARN_ABOUT_RETURN_TYPE = YES_ERROR;
				GCC_WARN_UNDECLARED_SELECTOR = YES;
				GCC_WARN_UNINITIALIZED_AUTOS = YES_AGGRESSIVE;
				GCC_WARN_UNUSED_FUNCTION = YES;
				GCC_WARN_UNUSED_VARIABLE = YES;
				LOCALIZATION_PREFERS_STRING_CATALOGS = YES;
				MACOSX_DEPLOYMENT_TARGET = 14.0;
				MTL_ENABLE_DEBUG_INFO = INCLUDE_SOURCE;
				MTL_FAST_MATH = YES;
				ONLY_ACTIVE_ARCH = YES;
				SDKROOT = macosx;
				STRING_CATALOG_GENERATE_SYMBOLS = YES;
				SWIFT_ACTIVE_COMPILATION_CONDITIONS = "DEBUG $(inherited)";
				SWIFT_OPTIMIZATION_LEVEL = "-Onone";
			};
			name = Debug;
		};
		A1000001227D3F0000000051 /* Release */ = {
			isa = XCBuildConfiguration;
			buildSettings = {
				ALWAYS_SEARCH_USER_PATHS = NO;
				ASSETCATALOG_COMPILER_GENERATE_SWIFT_ASSET_SYMBOL_EXTENSIONS = YES;
				CLANG_ANALYZER_NONNULL = YES;
				CLANG_ANALYZER_NUMBER_OBJECT_CONVERSION = YES_AGGRESSIVE;
				CLANG_CXX_LANGUAGE_STANDARD = "gnu++20";
				CLANG_ENABLE_MODULES = YES;
				CLANG_ENABLE_OBJC_ARC = YES;
				CLANG_ENABLE_OBJC_WEAK = YES;
				CLANG_WARN_BLOCK_CAPTURE_AUTORELEASING = YES;
				CLANG_WARN_BOOL_CONVERSION = YES;
				CLANG_WARN_COMMA = YES;
				CLANG_WARN_CONSTANT_CONVERSION = YES;
				CLANG_WARN_DEPRECATED_OBJC_IMPLEMENTATIONS = YES;
				CLANG_WARN_DIRECT_OBJC_ISA_USAGE = YES_ERROR;
				CLANG_WARN_DOCUMENTATION_COMMENTS = YES;
				CLANG_WARN_EMPTY_BODY = YES;
				CLANG_WARN_ENUM_CONVERSION = YES;
				CLANG_WARN_INFINITE_RECURSION = YES;
				CLANG_WARN_INT_CONVERSION = YES;
				CLANG_WARN_NON_LITERAL_NULL_CONVERSION = YES;
				CLANG_WARN_OBJC_IMPLICIT_RETAIN_SELF = YES;
				CLANG_WARN_OBJC_LITERAL_CONVERSION = YES;
				CLANG_WARN_OBJC_ROOT_CLASS = YES_ERROR;
				CLANG_WARN_QUOTED_INCLUDE_IN_FRAMEWORK_HEADER = YES;
				CLANG_WARN_RANGE_LOOP_ANALYSIS = YES;
				CLANG_WARN_STRICT_PROTOTYPES = YES;
				CLANG_WARN_SUSPICIOUS_MOVE = YES;
				CLANG_WARN_UNGUARDED_AVAILABILITY = YES_AGGRESSIVE;
				CLANG_WARN_UNREACHABLE_CODE = YES;
				CLANG_WARN__DUPLICATE_METHOD_MATCH = YES;
				COPY_PHASE_STRIP = NO;
				DEAD_CODE_STRIPPING = YES;
				DEBUG_INFORMATION_FORMAT = "dwarf-with-dsym";
				ENABLE_NS_ASSERTIONS = NO;
				ENABLE_STRICT_OBJC_MSGSEND = YES;
				ENABLE_USER_SCRIPT_SANDBOXING = YES;
				GCC_C_LANGUAGE_STANDARD = gnu17;
				GCC_NO_COMMON_BLOCKS = YES;
				GCC_WARN_64_TO_32_BIT_CONVERSION = YES;
				GCC_WARN_ABOUT_RETURN_TYPE = YES_ERROR;
				GCC_WARN_UNDECLARED_SELECTOR = YES;
				GCC_WARN_UNINITIALIZED_AUTOS = YES_AGGRESSIVE;
				GCC_WARN_UNUSED_FUNCTION = YES;
				GCC_WARN_UNUSED_VARIABLE = YES;
				LOCALIZATION_PREFERS_STRING_CATALOGS = YES;
				MACOSX_DEPLOYMENT_TARGET = 14.0;
				MTL_ENABLE_DEBUG_INFO = NO;
				MTL_FAST_MATH = YES;
				SDKROOT = macosx;
				STRING_CATALOG_GENERATE_SYMBOLS = YES;
				SWIFT_COMPILATION_MODE = wholemodule;
			};
			name = Release;
		};
		A1000001227D3F0000000052 /* Debug */ = {
			isa = XCBuildConfiguration;
			buildSettings = {
				ASSETCATALOG_COMPILER_APPICON_NAME = AppIcon;
				CODE_SIGN_ENTITLEMENTS = Projector/Projector.entitlements;
				CODE_SIGN_STYLE = Automatic;
				COMBINE_HIDPI_IMAGES = YES;
				CURRENT_PROJECT_VERSION = 1;
				DEAD_CODE_STRIPPING = YES;
				DEVELOPMENT_TEAM = "";
				ENABLE_APP_SANDBOX = YES;
				ENABLE_HARDENED_RUNTIME = YES;
				ENABLE_USER_SELECTED_FILES = readonly;
				GENERATE_INFOPLIST_FILE = YES;
				INFOPLIST_FILE = Projector/Info.plist;
				INFOPLIST_KEY_CFBundleDisplayName = Projector;
				INFOPLIST_KEY_LSApplicationCategoryType = "public.app-category.video";
				INFOPLIST_KEY_NSHumanReadableCopyright = "";
				LD_RUNPATH_SEARCH_PATHS = (
					"$(inherited)",
					"@executable_path/../Frameworks",
				);
				MARKETING_VERSION = 1.0;
				PRODUCT_BUNDLE_IDENTIFIER = com.projector.app;
				PRODUCT_NAME = "$(TARGET_NAME)";
				SWIFT_EMIT_LOC_STRINGS = YES;
				SWIFT_VERSION = 5.0;
			};
			name = Debug;
		};
		A1000001227D3F0000000053 /* Release */ = {
			isa = XCBuildConfiguration;
			buildSettings = {
				ASSETCATALOG_COMPILER_APPICON_NAME = AppIcon;
				CODE_SIGN_ENTITLEMENTS = Projector/Projector.entitlements;
				CODE_SIGN_STYLE = Automatic;
				COMBINE_HIDPI_IMAGES = YES;
				CURRENT_PROJECT_VERSION = 1;
				DEAD_CODE_STRIPPING = YES;
				DEVELOPMENT_TEAM = "";
				ENABLE_APP_SANDBOX = YES;
				ENABLE_HARDENED_RUNTIME = YES;
				ENABLE_USER_SELECTED_FILES = readonly;
				GENERATE_INFOPLIST_FILE = YES;
				INFOPLIST_FILE = Projector/Info.plist;
				INFOPLIST_KEY_CFBundleDisplayName = Projector;
				INFOPLIST_KEY_LSApplicationCategoryType = "public.app-category.video";
				INFOPLIST_KEY_NSHumanReadableCopyright = "";
				LD_RUNPATH_SEARCH_PATHS = (
					"$(inherited)",
					"@executable_path/../Frameworks",
				);
				MARKETING_VERSION = 1.0;
				PRODUCT_BUNDLE_IDENTIFIER = com.projector.app;
				PRODUCT_NAME = "$(TARGET_NAME)";
				SWIFT_EMIT_LOC_STRINGS = YES;
				SWIFT_VERSION = 5.0;
			};
			name = Release;
		};
/* End XCBuildConfiguration section */

/* Begin XCConfigurationList section */
		A1000001227D3F0000000004 /* Build configuration list for PBXProject "Projector" */ = {
			isa = XCConfigurationList;
			buildConfigurations = (
				A1000001227D3F0000000050 /* Debug */,
				A1000001227D3F0000000051 /* Release */,
			);
			defaultConfigurationIsVisible = 0;
			defaultConfigurationName = Release;
		};
		A1000001227D3F0000000040 /* Build configuration list for PBXNativeTarget "Projector" */ = {
			isa = XCConfigurationList;
			buildConfigurations = (
				A1000001227D3F0000000052 /* Debug */,
				A1000001227D3F0000000053 /* Release */,
			);
			defaultConfigurationIsVisible = 0;
			defaultConfigurationName = Release;
		};
/* End XCConfigurationList section */

/* Begin XCRemoteSwiftPackageReference section */
		A1000001227D3F000000005D /* XCRemoteSwiftPackageReference "MIDIKit" */ = {
			isa = XCRemoteSwiftPackageReference;
			repositoryURL = "https://github.com/orchetect/MIDIKit";
			requirement = {
				kind = upToNextMajorVersion;
				minimumVersion = 0.10.0;
			};
		};
		A1000001227D3F000000005E /* XCRemoteSwiftPackageReference "swift-timecode" */ = {
			isa = XCRemoteSwiftPackageReference;
			repositoryURL = "https://github.com/orchetect/swift-timecode";
			requirement = {
				kind = upToNextMajorVersion;
				minimumVersion = 3.0.0;
			};
		};
/* End XCRemoteSwiftPackageReference section */

/* Begin XCSwiftPackageProductDependency section */
		A1000001227D3F000000005F /* MIDIKitIO */ = {
			isa = XCSwiftPackageProductDependency;
			package = A1000001227D3F000000005D /* XCRemoteSwiftPackageReference "MIDIKit" */;
			productName = MIDIKitIO;
		};
		A1000001227D3F0000000061 /* MIDIKitSync */ = {
			isa = XCSwiftPackageProductDependency;
			package = A1000001227D3F000000005D /* XCRemoteSwiftPackageReference "MIDIKit" */;
			productName = MIDIKitSync;
		};
		A1000001227D3F0000000063 /* SwiftTimecodeCore */ = {
			isa = XCSwiftPackageProductDependency;
			package = A1000001227D3F000000005E /* XCRemoteSwiftPackageReference "swift-timecode" */;
			productName = SwiftTimecodeCore;
		};
		A1000001227D3F0000000065 /* SwiftTimecodeAV */ = {
			isa = XCSwiftPackageProductDependency;
			package = A1000001227D3F000000005E /* XCRemoteSwiftPackageReference "swift-timecode" */;
			productName = SwiftTimecodeAV;
		};
		A1000001227D3F0000000067 /* SwiftTimecodeUI */ = {
			isa = XCSwiftPackageProductDependency;
			package = A1000001227D3F000000005E /* XCRemoteSwiftPackageReference "swift-timecode" */;
			productName = SwiftTimecodeUI;
		};
/* End XCSwiftPackageProductDependency section */
	};
	rootObject = A1000001227D3F0000000001 /* Project object */;
}
